// !$*UTF8*$!
{
	archiveVersion = 1;
	classes = {
	};
	objectVersion = 50;
	objects = {

/* Begin PBXBuildFile section */
		0D2CDF0F5B031D30D7F5ED59 /* Pods_ChatKit.framework in Frameworks */ = {isa = PBXBuildFile; fileRef = 35F018242614956FA2B61BE2 /* Pods_ChatKit.framework */; settings = {ATTRIBUTES = (Required, ); }; };
		86093F3C2456C807004B3952 /* Emoji.swift in Sources */ = {isa = PBXBuildFile; fileRef = 86093F392456C807004B3952 /* Emoji.swift */; };
		86093F3D2456C807004B3952 /* Emoji.h in Headers */ = {isa = PBXBuildFile; fileRef = 86093F3A2456C807004B3952 /* Emoji.h */; };
		86093F3E2456C807004B3952 /* String+Emoji.swift in Sources */ = {isa = PBXBuildFile; fileRef = 86093F3B2456C807004B3952 /* String+Emoji.swift */; };
		86093F972456E186004B3952 /* WCLShineLayer.swift in Sources */ = {isa = PBXBuildFile; fileRef = 86093F912456E186004B3952 /* WCLShineLayer.swift */; };
		86093F982456E186004B3952 /* WCLShineClickLayer.swift in Sources */ = {isa = PBXBuildFile; fileRef = 86093F922456E186004B3952 /* WCLShineClickLayer.swift */; };
		86093F992456E186004B3952 /* WCLShineParams.swift in Sources */ = {isa = PBXBuildFile; fileRef = 86093F932456E186004B3952 /* WCLShineParams.swift */; };
		86093F9A2456E186004B3952 /* WCLShineButton.swift in Sources */ = {isa = PBXBuildFile; fileRef = 86093F942456E186004B3952 /* WCLShineButton.swift */; };
		86093F9C2456E186004B3952 /* WCLShineAngleLayer.swift in Sources */ = {isa = PBXBuildFile; fileRef = 86093F962456E186004B3952 /* WCLShineAngleLayer.swift */; };
		86093F9D2456E345004B3952 /* EvaCarouselItem.h in Headers */ = {isa = PBXBuildFile; fileRef = 86093F742456E073004B3952 /* EvaCarouselItem.h */; settings = {ATTRIBUTES = (Public, ); }; };
		86093F9F2456E354004B3952 /* EvaCarouselView.h in Headers */ = {isa = PBXBuildFile; fileRef = 86093F752456E073004B3952 /* EvaCarouselView.h */; settings = {ATTRIBUTES = (Public, ); }; };
		86093FA02456E3C9004B3952 /* ZCAnimatedLabel.h in Headers */ = {isa = PBXBuildFile; fileRef = 86093F792456E073004B3952 /* ZCAnimatedLabel.h */; settings = {ATTRIBUTES = (Public, ); }; };
		86093FA12456E3CE004B3952 /* ZCCoreTextLayout.h in Headers */ = {isa = PBXBuildFile; fileRef = 86093F7B2456E073004B3952 /* ZCCoreTextLayout.h */; settings = {ATTRIBUTES = (Public, ); }; };
		86093FA22456E3D4004B3952 /* ZCEasingUtil.h in Headers */ = {isa = PBXBuildFile; fileRef = 86093F7E2456E073004B3952 /* ZCEasingUtil.h */; settings = {ATTRIBUTES = (Public, ); }; };
		86093FA42456E5D8004B3952 /* CardRecommand.swift in Sources */ = {isa = PBXBuildFile; fileRef = 86093FA32456E5D8004B3952 /* CardRecommand.swift */; };
		86093FA62456E64F004B3952 /* EvaInsetLabel.swift in Sources */ = {isa = PBXBuildFile; fileRef = 86093FA52456E64F004B3952 /* EvaInsetLabel.swift */; };
		86093FAB2456EB9B004B3952 /* ChatCardRecommendHelper.swift in Sources */ = {isa = PBXBuildFile; fileRef = 86093FA82456EB9B004B3952 /* ChatCardRecommendHelper.swift */; };
		86093FAC2456EB9B004B3952 /* ChatCardRecoCollectionViewCell.xib in Resources */ = {isa = PBXBuildFile; fileRef = 86093FA92456EB9B004B3952 /* ChatCardRecoCollectionViewCell.xib */; };
		86093FAD2456EB9B004B3952 /* ChatCardRecoCollectionViewCell.swift in Sources */ = {isa = PBXBuildFile; fileRef = 86093FAA2456EB9B004B3952 /* ChatCardRecoCollectionViewCell.swift */; };
		8612FED62452CB7100B53183 /* CustomHorizontalStackCollectionViewCell.swift in Sources */ = {isa = PBXBuildFile; fileRef = 8612FEC32452CB7000B53183 /* CustomHorizontalStackCollectionViewCell.swift */; };
		8612FED72452CB7100B53183 /* CustomHorizontalStackCollectionViewCell.xib in Resources */ = {isa = PBXBuildFile; fileRef = 8612FEC42452CB7000B53183 /* CustomHorizontalStackCollectionViewCell.xib */; };
		8612FED82452CB7100B53183 /* VerticalStackViewiCollectionViewCell.xib in Resources */ = {isa = PBXBuildFile; fileRef = 8612FEC62452CB7000B53183 /* VerticalStackViewiCollectionViewCell.xib */; };
		8612FED92452CB7100B53183 /* VerticalStackViewiCollectionViewCell.swift in Sources */ = {isa = PBXBuildFile; fileRef = 8612FEC72452CB7000B53183 /* VerticalStackViewiCollectionViewCell.swift */; };
		8612FEDA2452CB7100B53183 /* ChatMessageCollectionViewCell.xib in Resources */ = {isa = PBXBuildFile; fileRef = 8612FEC92452CB7000B53183 /* ChatMessageCollectionViewCell.xib */; };
		8612FEDB2452CB7100B53183 /* ChatMessageCollectionViewCell.swift in Sources */ = {isa = PBXBuildFile; fileRef = 8612FECA2452CB7000B53183 /* ChatMessageCollectionViewCell.swift */; };
		8612FEDC2452CB7100B53183 /* ChatConnectedAccountCell.swift in Sources */ = {isa = PBXBuildFile; fileRef = 8612FECC2452CB7000B53183 /* ChatConnectedAccountCell.swift */; };
		8612FEDD2452CB7100B53183 /* ChatAccountCollectionViewCell.swift in Sources */ = {isa = PBXBuildFile; fileRef = 8612FECD2452CB7000B53183 /* ChatAccountCollectionViewCell.swift */; };
		8612FEDE2452CB7100B53183 /* ChatConnectedAccountCell.xib in Resources */ = {isa = PBXBuildFile; fileRef = 8612FECE2452CB7000B53183 /* ChatConnectedAccountCell.xib */; };
		8612FEDF2452CB7100B53183 /* ChatAccountCollectionViewCell.xib in Resources */ = {isa = PBXBuildFile; fileRef = 8612FECF2452CB7000B53183 /* ChatAccountCollectionViewCell.xib */; };
		8612FEE02452CB7100B53183 /* ChatGiphyCollectionViewCell.swift in Sources */ = {isa = PBXBuildFile; fileRef = 8612FED12452CB7000B53183 /* ChatGiphyCollectionViewCell.swift */; };
		8612FEE12452CB7100B53183 /* ChatGiphyCollectionViewCell.xib in Resources */ = {isa = PBXBuildFile; fileRef = 8612FED22452CB7000B53183 /* ChatGiphyCollectionViewCell.xib */; };
		8612FEE22452CB7100B53183 /* ChatDefaultCollectionViewCell.xib in Resources */ = {isa = PBXBuildFile; fileRef = 8612FED42452CB7100B53183 /* ChatDefaultCollectionViewCell.xib */; };
		8612FEE32452CB7100B53183 /* ChatDefaultCollectionViewCell.swift in Sources */ = {isa = PBXBuildFile; fileRef = 8612FED52452CB7100B53183 /* ChatDefaultCollectionViewCell.swift */; };
		8612FEE52452F0DD00B53183 /* Account.swift in Sources */ = {isa = PBXBuildFile; fileRef = 8612FEE42452F0DD00B53183 /* Account.swift */; };
		8612FEE92452F3B700B53183 /* WelcomeStackView.swift in Sources */ = {isa = PBXBuildFile; fileRef = 8612FEE72452F3B700B53183 /* WelcomeStackView.swift */; };
		8612FEEA2452F3B700B53183 /* WelcomeStackView.xib in Resources */ = {isa = PBXBuildFile; fileRef = 8612FEE82452F3B700B53183 /* WelcomeStackView.xib */; };
		8612FEEC2452FCF500B53183 /* ChatBubbleView.swift in Sources */ = {isa = PBXBuildFile; fileRef = 8612FEEB2452FCF500B53183 /* ChatBubbleView.swift */; };
		8622F18B24514252007B8209 /* Pods_ChatKit.framework in CopyFiles */ = {isa = PBXBuildFile; fileRef = 35F018242614956FA2B61BE2 /* Pods_ChatKit.framework */; settings = {ATTRIBUTES = (CodeSignOnCopy, RemoveHeadersOnCopy, ); }; };
		8622F1A424516396007B8209 /* ChatKit.xcdatamodeld in Sources */ = {isa = PBXBuildFile; fileRef = 8622F1A224516396007B8209 /* ChatKit.xcdatamodeld */; };
		8622F1A82451A48F007B8209 /* Assets.xcassets in Resources */ = {isa = PBXBuildFile; fileRef = 8622F1A72451A48F007B8209 /* Assets.xcassets */; };
		8622F1AA24521446007B8209 /* TransactionDetails.swift in Sources */ = {isa = PBXBuildFile; fileRef = 8622F1A924521446007B8209 /* TransactionDetails.swift */; };
		863671C4245595D200CCC7A1 /* Languages.json in Resources */ = {isa = PBXBuildFile; fileRef = 863671C3245595D200CCC7A1 /* Languages.json */; };
		863671CB24559B9200CCC7A1 /* ChatViewModel.swift in Sources */ = {isa = PBXBuildFile; fileRef = 863671CA24559B9200CCC7A1 /* ChatViewModel.swift */; };
		863671CF2455BBA500CCC7A1 /* ChatLabel.swift in Sources */ = {isa = PBXBuildFile; fileRef = 863671CE2455BBA500CCC7A1 /* ChatLabel.swift */; };
		863671D72456AF8800CCC7A1 /* ChatTransactionInfoCell.swift in Sources */ = {isa = PBXBuildFile; fileRef = 863671D32456AF8800CCC7A1 /* ChatTransactionInfoCell.swift */; };
		863671D82456AF8800CCC7A1 /* ChatTransactionInfoCell.xib in Resources */ = {isa = PBXBuildFile; fileRef = 863671D42456AF8800CCC7A1 /* ChatTransactionInfoCell.xib */; };
		863671D92456AF8800CCC7A1 /* ChatTransactionCollectionViewCell.xib in Resources */ = {isa = PBXBuildFile; fileRef = 863671D52456AF8800CCC7A1 /* ChatTransactionCollectionViewCell.xib */; };
		863671DA2456AF8800CCC7A1 /* ChatTransactionCollectionViewCell.swift in Sources */ = {isa = PBXBuildFile; fileRef = 863671D62456AF8800CCC7A1 /* ChatTransactionCollectionViewCell.swift */; };
		86AF8A882456EE1800CB4991 /* ZCAnimatedLabel.m in Sources */ = {isa = PBXBuildFile; fileRef = 86093F7C2456E073004B3952 /* ZCAnimatedLabel.m */; };
		86AF8A892456EE1F00CB4991 /* ZCEasingUtil.m in Sources */ = {isa = PBXBuildFile; fileRef = 86093F7A2456E073004B3952 /* ZCEasingUtil.m */; };
		86AF8A8A2456EE2500CB4991 /* ZCCoreTextLayout.m in Sources */ = {isa = PBXBuildFile; fileRef = 86093F7D2456E073004B3952 /* ZCCoreTextLayout.m */; };
		86AF8A8B2456EE2B00CB4991 /* EvaCarouselItem.m in Sources */ = {isa = PBXBuildFile; fileRef = 86093F762456E073004B3952 /* EvaCarouselItem.m */; };
		86AF8A8C2456EE2E00CB4991 /* EvaCarouselView.m in Sources */ = {isa = PBXBuildFile; fileRef = 86093F772456E073004B3952 /* EvaCarouselView.m */; };
		86AF8A8D2456EEEE00CB4991 /* SwiftCarousel.swift in Sources */ = {isa = PBXBuildFile; fileRef = 86093F872456E073004B3952 /* SwiftCarousel.swift */; };
		86AF8A8E2456EEF100CB4991 /* SiriContentView.swift in Sources */ = {isa = PBXBuildFile; fileRef = 86093F892456E073004B3952 /* SiriContentView.swift */; };
		86AF8A8F2456EEF900CB4991 /* SiriContentView.xib in Resources */ = {isa = PBXBuildFile; fileRef = 86093F882456E073004B3952 /* SiriContentView.xib */; };
		86AF8A9824570E3200CB4991 /* VBPieChart.m in Sources */ = {isa = PBXBuildFile; fileRef = 86AF8A9124570E3200CB4991 /* VBPieChart.m */; };
		86AF8A9924570E3200CB4991 /* VBPiePiece.m in Sources */ = {isa = PBXBuildFile; fileRef = 86AF8A9224570E3200CB4991 /* VBPiePiece.m */; };
		86AF8A9A24570E3200CB4991 /* VBPiePiece_private.h in Headers */ = {isa = PBXBuildFile; fileRef = 86AF8A9324570E3200CB4991 /* VBPiePiece_private.h */; };
		86AF8A9B24570E3200CB4991 /* UIColor+HexColor.m in Sources */ = {isa = PBXBuildFile; fileRef = 86AF8A9424570E3200CB4991 /* UIColor+HexColor.m */; };
		86AF8A9C24570E3200CB4991 /* VBPiePiece.h in Headers */ = {isa = PBXBuildFile; fileRef = 86AF8A9524570E3200CB4991 /* VBPiePiece.h */; settings = {ATTRIBUTES = (Public, ); }; };
		86AF8A9D24570E3200CB4991 /* VBPieChart.h in Headers */ = {isa = PBXBuildFile; fileRef = 86AF8A9624570E3200CB4991 /* VBPieChart.h */; settings = {ATTRIBUTES = (Public, ); }; };
		86AF8A9E24570E3200CB4991 /* UIColor+HexColor.h in Headers */ = {isa = PBXBuildFile; fileRef = 86AF8A9724570E3200CB4991 /* UIColor+HexColor.h */; settings = {ATTRIBUTES = (Public, ); }; };
		86AF8AA224570EAD00CB4991 /* ChatPieChartCollectionViewCell.xib in Resources */ = {isa = PBXBuildFile; fileRef = 86AF8AA024570EAD00CB4991 /* ChatPieChartCollectionViewCell.xib */; };
		86AF8AA324570EAD00CB4991 /* ChatPieChartCollectionViewCell.swift in Sources */ = {isa = PBXBuildFile; fileRef = 86AF8AA124570EAD00CB4991 /* ChatPieChartCollectionViewCell.swift */; };
		86AF8AA524570F4E00CB4991 /* GraphData.swift in Sources */ = {isa = PBXBuildFile; fileRef = 86AF8AA424570F4E00CB4991 /* GraphData.swift */; };
		86AF8AA92457282500CB4991 /* ChatBarChartCollectionViewCell.swift in Sources */ = {isa = PBXBuildFile; fileRef = 86AF8AA72457282500CB4991 /* ChatBarChartCollectionViewCell.swift */; };
		86AF8AAA2457282500CB4991 /* ChatBarChartCollectionViewCell.xib in Resources */ = {isa = PBXBuildFile; fileRef = 86AF8AA82457282500CB4991 /* ChatBarChartCollectionViewCell.xib */; };
		86AF8AAC245728B200CB4991 /* ScrollableGraphView.swift in Sources */ = {isa = PBXBuildFile; fileRef = 86AF8AAB245728B200CB4991 /* ScrollableGraphView.swift */; };
		86B688DF244DBE68009BEF0A /* ChatKit.h in Headers */ = {isa = PBXBuildFile; fileRef = 86B688DD244DBE68009BEF0A /* ChatKit.h */; settings = {ATTRIBUTES = (Public, ); }; };
		86B6894F244F2B0E009BEF0A /* Date+Helper.swift in Sources */ = {isa = PBXBuildFile; fileRef = 86B688E8244F2B0E009BEF0A /* Date+Helper.swift */; };
		86B68950244F2B0E009BEF0A /* DateHelper.swift in Sources */ = {isa = PBXBuildFile; fileRef = 86B688E9244F2B0E009BEF0A /* DateHelper.swift */; };
		86B68951244F2B0E009BEF0A /* ChatCustomMessagesFlowLayout.swift in Sources */ = {isa = PBXBuildFile; fileRef = 86B688EB244F2B0E009BEF0A /* ChatCustomMessagesFlowLayout.swift */; };
		86B68954244F2B0E009BEF0A /* ChatDBMessage+CoreDataClass.swift in Sources */ = {isa = PBXBuildFile; fileRef = 86B688F0244F2B0E009BEF0A /* ChatDBMessage+CoreDataClass.swift */; };
		86B68955244F2B0E009BEF0A /* ChatDBUnsentMessage+CoreDataProperties.swift in Sources */ = {isa = PBXBuildFile; fileRef = 86B688F1244F2B0E009BEF0A /* ChatDBUnsentMessage+CoreDataProperties.swift */; };
		86B68956244F2B0E009BEF0A /* ChatDBMessage+CoreDataProperties.swift in Sources */ = {isa = PBXBuildFile; fileRef = 86B688F2244F2B0E009BEF0A /* ChatDBMessage+CoreDataProperties.swift */; };
		86B68957244F2B0E009BEF0A /* ChatDBUnsentMessage+CoreDataClass.swift in Sources */ = {isa = PBXBuildFile; fileRef = 86B688F3244F2B0E009BEF0A /* ChatDBUnsentMessage+CoreDataClass.swift */; };
		86B68958244F2B0E009BEF0A /* ChatBWService.swift in Sources */ = {isa = PBXBuildFile; fileRef = 86B688F5244F2B0E009BEF0A /* ChatBWService.swift */; };
		86B68959244F2B0E009BEF0A /* ChatMessageService.swift in Sources */ = {isa = PBXBuildFile; fileRef = 86B688F6244F2B0E009BEF0A /* ChatMessageService.swift */; };
		86B68974244F2B0E009BEF0A /* Hello.gif in Resources */ = {isa = PBXBuildFile; fileRef = 86B6891A244F2B0E009BEF0A /* Hello.gif */; };
		86B68976244F2B0E009BEF0A /* ChatCoreDataStack.swift in Sources */ = {isa = PBXBuildFile; fileRef = 86B6891F244F2B0E009BEF0A /* ChatCoreDataStack.swift */; };
		86B68977244F2B0E009BEF0A /* ChatCoreDataManager.swift in Sources */ = {isa = PBXBuildFile; fileRef = 86B68920244F2B0E009BEF0A /* ChatCoreDataManager.swift */; };
		86B68978244F2B0E009BEF0A /* NSManagedObjectContext+Helper.swift in Sources */ = {isa = PBXBuildFile; fileRef = 86B68921244F2B0E009BEF0A /* NSManagedObjectContext+Helper.swift */; };
		86B68979244F2B0E009BEF0A /* 6.json in Resources */ = {isa = PBXBuildFile; fileRef = 86B68923244F2B0E009BEF0A /* 6.json */; };
		86B6897A244F2B0E009BEF0A /* 7.json in Resources */ = {isa = PBXBuildFile; fileRef = 86B68924244F2B0E009BEF0A /* 7.json */; };
		86B6897B244F2B0E009BEF0A /* 1.json in Resources */ = {isa = PBXBuildFile; fileRef = 86B68925244F2B0E009BEF0A /* 1.json */; };
		86B6897C244F2B0E009BEF0A /* 2.json in Resources */ = {isa = PBXBuildFile; fileRef = 86B68926244F2B0E009BEF0A /* 2.json */; };
		86B6897D244F2B0E009BEF0A /* 3.json in Resources */ = {isa = PBXBuildFile; fileRef = 86B68927244F2B0E009BEF0A /* 3.json */; };
		86B6897E244F2B0E009BEF0A /* 4.json in Resources */ = {isa = PBXBuildFile; fileRef = 86B68928244F2B0E009BEF0A /* 4.json */; };
		86B6897F244F2B0F009BEF0A /* 5.json in Resources */ = {isa = PBXBuildFile; fileRef = 86B68929244F2B0E009BEF0A /* 5.json */; };
		86B68980244F2B0F009BEF0A /* Message.json in Resources */ = {isa = PBXBuildFile; fileRef = 86B6892A244F2B0E009BEF0A /* Message.json */; };
		86B68982244F2B0F009BEF0A /* Language.swift in Sources */ = {isa = PBXBuildFile; fileRef = 86B6892E244F2B0E009BEF0A /* Language.swift */; };
		86B68984244F2B0F009BEF0A /* Lorem.swift in Sources */ = {isa = PBXBuildFile; fileRef = 86B68932244F2B0E009BEF0A /* Lorem.swift */; };
		86B68986244F2B0F009BEF0A /* MockMessage.swift in Sources */ = {isa = PBXBuildFile; fileRef = 86B68934244F2B0E009BEF0A /* MockMessage.swift */; };
		86B68987244F2B0F009BEF0A /* MockUser.swift in Sources */ = {isa = PBXBuildFile; fileRef = 86B68935244F2B0E009BEF0A /* MockUser.swift */; };
		86B68988244F2B0F009BEF0A /* ChatUtils.swift in Sources */ = {isa = PBXBuildFile; fileRef = 86B68937244F2B0E009BEF0A /* ChatUtils.swift */; };
		86B68989244F2B0F009BEF0A /* ChatDBUnsentMessageUpdateOperation.swift in Sources */ = {isa = PBXBuildFile; fileRef = 86B68939244F2B0E009BEF0A /* ChatDBUnsentMessageUpdateOperation.swift */; };
		86B6898A244F2B0F009BEF0A /* ChatDBUpdateOperation.swift in Sources */ = {isa = PBXBuildFile; fileRef = 86B6893A244F2B0E009BEF0A /* ChatDBUpdateOperation.swift */; };
		86B6898B244F2B0F009BEF0A /* ChatEvaOperation.swift in Sources */ = {isa = PBXBuildFile; fileRef = 86B6893B244F2B0E009BEF0A /* ChatEvaOperation.swift */; };
		86B6898C244F2B0F009BEF0A /* ChatDBMessageUpdateOperation.swift in Sources */ = {isa = PBXBuildFile; fileRef = 86B6893C244F2B0E009BEF0A /* ChatDBMessageUpdateOperation.swift */; };
		86B6898D244F2B0F009BEF0A /* ChatViewController.swift in Sources */ = {isa = PBXBuildFile; fileRef = 86B6893E244F2B0E009BEF0A /* ChatViewController.swift */; };
		86B6898E244F2B0F009BEF0A /* ChatViewController+CollectionViewDataSource.swift in Sources */ = {isa = PBXBuildFile; fileRef = 86B6893F244F2B0E009BEF0A /* ChatViewController+CollectionViewDataSource.swift */; };
		86B6898F244F2B0F009BEF0A /* CountryPopViewController.swift in Sources */ = {isa = PBXBuildFile; fileRef = 86B68940244F2B0E009BEF0A /* CountryPopViewController.swift */; };
		86B68990244F2B0F009BEF0A /* CardPopupViewController.swift in Sources */ = {isa = PBXBuildFile; fileRef = 86B68941244F2B0E009BEF0A /* CardPopupViewController.swift */; };
		86B68991244F2B0F009BEF0A /* ChatViewController+MessagesDisplayType.swift in Sources */ = {isa = PBXBuildFile; fileRef = 86B68942244F2B0E009BEF0A /* ChatViewController+MessagesDisplayType.swift */; };
		86B68992244F2B0F009BEF0A /* ChatViewController+FetchedResultsController.swift in Sources */ = {isa = PBXBuildFile; fileRef = 86B68943244F2B0E009BEF0A /* ChatViewController+FetchedResultsController.swift */; };
		86B68993244F2B0F009BEF0A /* ChatViewController+LoadMore.swift in Sources */ = {isa = PBXBuildFile; fileRef = 86B68944244F2B0E009BEF0A /* ChatViewController+LoadMore.swift */; };
		86B68994244F2B0F009BEF0A /* ChatViewController+MessageCellDelegate.swift in Sources */ = {isa = PBXBuildFile; fileRef = 86B68945244F2B0E009BEF0A /* ChatViewController+MessageCellDelegate.swift */; };
		86B68995244F2B0F009BEF0A /* ChatDataController.swift in Sources */ = {isa = PBXBuildFile; fileRef = 86B68947244F2B0E009BEF0A /* ChatDataController.swift */; };
		86B68996244F2B0F009BEF0A /* ChatMessageDataModel.swift in Sources */ = {isa = PBXBuildFile; fileRef = 86B68949244F2B0E009BEF0A /* ChatMessageDataModel.swift */; };
		86B68997244F2B0F009BEF0A /* ChatSectionHeaderReusableView.xib in Resources */ = {isa = PBXBuildFile; fileRef = 86B6894B244F2B0E009BEF0A /* ChatSectionHeaderReusableView.xib */; };
		86B68998244F2B0F009BEF0A /* ChatSectionFooterReusableView.xib in Resources */ = {isa = PBXBuildFile; fileRef = 86B6894C244F2B0E009BEF0A /* ChatSectionFooterReusableView.xib */; };
		86B68999244F2B0F009BEF0A /* ChatSectionFooterReusableView.swift in Sources */ = {isa = PBXBuildFile; fileRef = 86B6894D244F2B0E009BEF0A /* ChatSectionFooterReusableView.swift */; };
		86B6899A244F2B0F009BEF0A /* ChatSectionHeaderReusableView.swift in Sources */ = {isa = PBXBuildFile; fileRef = 86B6894E244F2B0E009BEF0A /* ChatSectionHeaderReusableView.swift */; };
		86B6899C244F2D95009BEF0A /* ChatConstant.swift in Sources */ = {isa = PBXBuildFile; fileRef = 86B6899B244F2D95009BEF0A /* ChatConstant.swift */; };
		86B6899E244F3410009BEF0A /* ChatColor.swift in Sources */ = {isa = PBXBuildFile; fileRef = 86B6899D244F3410009BEF0A /* ChatColor.swift */; };
		86B689A1244F3760009BEF0A /* UIColor+colorFromHex.swift in Sources */ = {isa = PBXBuildFile; fileRef = 86B6899F244F3760009BEF0A /* UIColor+colorFromHex.swift */; };
		86B689A2244F3760009BEF0A /* UIColor.swift in Sources */ = {isa = PBXBuildFile; fileRef = 86B689A0244F3760009BEF0A /* UIColor.swift */; };
		86B689A4244F421D009BEF0A /* JsonMapper.swift in Sources */ = {isa = PBXBuildFile; fileRef = 86B689A3244F421D009BEF0A /* JsonMapper.swift */; };
		86B689A6244F4DD4009BEF0A /* String.swift in Sources */ = {isa = PBXBuildFile; fileRef = 86B689A5244F4DD4009BEF0A /* String.swift */; };
		86B689A9244F5A5D009BEF0A /* ChatFrameworkLauncher.swift in Sources */ = {isa = PBXBuildFile; fileRef = 86B689A8244F5A5C009BEF0A /* ChatFrameworkLauncher.swift */; };
		86D2A8C924509912009FC488 /* Main.storyboard in Resources */ = {isa = PBXBuildFile; fileRef = 86D2A8C824509912009FC488 /* Main.storyboard */; };
		86D2A8EE2450A455009FC488 /* EvaWorkflowManager.swift in Sources */ = {isa = PBXBuildFile; fileRef = 86D2A8ED2450A454009FC488 /* EvaWorkflowManager.swift */; };
		86D43304245815030016C88F /* TranscationsViewController.swift in Sources */ = {isa = PBXBuildFile; fileRef = 86D43303245815030016C88F /* TranscationsViewController.swift */; };
		86D43306245815150016C88F /* AccountsViewController.swift in Sources */ = {isa = PBXBuildFile; fileRef = 86D43305245815150016C88F /* AccountsViewController.swift */; };
		86D4330824581F1E0016C88F /* ChatViewController+FloatingView.swift in Sources */ = {isa = PBXBuildFile; fileRef = 86D4330724581F1E0016C88F /* ChatViewController+FloatingView.swift */; };
		86D4330A2458205B0016C88F /* ChatViewController+Speech.swift in Sources */ = {isa = PBXBuildFile; fileRef = 86D433092458205B0016C88F /* ChatViewController+Speech.swift */; };
		F04B684E245560140040E89A /* QuartzCore.framework in Frameworks */ = {isa = PBXBuildFile; fileRef = F04B684D245560140040E89A /* QuartzCore.framework */; };
/* End PBXBuildFile section */

/* Begin PBXCopyFilesBuildPhase section */
		8622F1892451422E007B8209 /* CopyFiles */ = {
			isa = PBXCopyFilesBuildPhase;
			buildActionMask = 2147483647;
			dstPath = "";
			dstSubfolderSpec = 10;
			files = (
				8622F18B24514252007B8209 /* Pods_ChatKit.framework in CopyFiles */,
			);
			runOnlyForDeploymentPostprocessing = 0;
		};
/* End PBXCopyFilesBuildPhase section */

/* Begin PBXFileReference section */
		35F018242614956FA2B61BE2 /* Pods_ChatKit.framework */ = {isa = PBXFileReference; explicitFileType = wrapper.framework; includeInIndex = 0; path = Pods_ChatKit.framework; sourceTree = BUILT_PRODUCTS_DIR; };
		41F071D312678F3FEC106838 /* Pods-ChatKit.release.xcconfig */ = {isa = PBXFileReference; includeInIndex = 1; lastKnownFileType = text.xcconfig; name = "Pods-ChatKit.release.xcconfig"; path = "Target Support Files/Pods-ChatKit/Pods-ChatKit.release.xcconfig"; sourceTree = "<group>"; };
		86093F392456C807004B3952 /* Emoji.swift */ = {isa = PBXFileReference; fileEncoding = 4; lastKnownFileType = sourcecode.swift; path = Emoji.swift; sourceTree = "<group>"; };
		86093F3A2456C807004B3952 /* Emoji.h */ = {isa = PBXFileReference; fileEncoding = 4; lastKnownFileType = sourcecode.c.h; path = Emoji.h; sourceTree = "<group>"; };
		86093F3B2456C807004B3952 /* String+Emoji.swift */ = {isa = PBXFileReference; fileEncoding = 4; lastKnownFileType = sourcecode.swift; path = "String+Emoji.swift"; sourceTree = "<group>"; };
		86093F742456E073004B3952 /* EvaCarouselItem.h */ = {isa = PBXFileReference; lastKnownFileType = sourcecode.c.h; path = EvaCarouselItem.h; sourceTree = "<group>"; };
		86093F752456E073004B3952 /* EvaCarouselView.h */ = {isa = PBXFileReference; lastKnownFileType = sourcecode.c.h; path = EvaCarouselView.h; sourceTree = "<group>"; };
		86093F762456E073004B3952 /* EvaCarouselItem.m */ = {isa = PBXFileReference; lastKnownFileType = sourcecode.c.objc; path = EvaCarouselItem.m; sourceTree = "<group>"; };
		86093F772456E073004B3952 /* EvaCarouselView.m */ = {isa = PBXFileReference; lastKnownFileType = sourcecode.c.objc; path = EvaCarouselView.m; sourceTree = "<group>"; };
		86093F792456E073004B3952 /* ZCAnimatedLabel.h */ = {isa = PBXFileReference; lastKnownFileType = sourcecode.c.h; path = ZCAnimatedLabel.h; sourceTree = "<group>"; };
		86093F7A2456E073004B3952 /* ZCEasingUtil.m */ = {isa = PBXFileReference; lastKnownFileType = sourcecode.c.objc; path = ZCEasingUtil.m; sourceTree = "<group>"; };
		86093F7B2456E073004B3952 /* ZCCoreTextLayout.h */ = {isa = PBXFileReference; lastKnownFileType = sourcecode.c.h; path = ZCCoreTextLayout.h; sourceTree = "<group>"; };
		86093F7C2456E073004B3952 /* ZCAnimatedLabel.m */ = {isa = PBXFileReference; lastKnownFileType = sourcecode.c.objc; path = ZCAnimatedLabel.m; sourceTree = "<group>"; };
		86093F7D2456E073004B3952 /* ZCCoreTextLayout.m */ = {isa = PBXFileReference; lastKnownFileType = sourcecode.c.objc; path = ZCCoreTextLayout.m; sourceTree = "<group>"; };
		86093F7E2456E073004B3952 /* ZCEasingUtil.h */ = {isa = PBXFileReference; lastKnownFileType = sourcecode.c.h; path = ZCEasingUtil.h; sourceTree = "<group>"; };
		86093F872456E073004B3952 /* SwiftCarousel.swift */ = {isa = PBXFileReference; lastKnownFileType = sourcecode.swift; path = SwiftCarousel.swift; sourceTree = "<group>"; };
		86093F882456E073004B3952 /* SiriContentView.xib */ = {isa = PBXFileReference; lastKnownFileType = file.xib; path = SiriContentView.xib; sourceTree = "<group>"; };
		86093F892456E073004B3952 /* SiriContentView.swift */ = {isa = PBXFileReference; lastKnownFileType = sourcecode.swift; path = SiriContentView.swift; sourceTree = "<group>"; };
		86093F912456E186004B3952 /* WCLShineLayer.swift */ = {isa = PBXFileReference; fileEncoding = 4; lastKnownFileType = sourcecode.swift; path = WCLShineLayer.swift; sourceTree = "<group>"; };
		86093F922456E186004B3952 /* WCLShineClickLayer.swift */ = {isa = PBXFileReference; fileEncoding = 4; lastKnownFileType = sourcecode.swift; path = WCLShineClickLayer.swift; sourceTree = "<group>"; };
		86093F932456E186004B3952 /* WCLShineParams.swift */ = {isa = PBXFileReference; fileEncoding = 4; lastKnownFileType = sourcecode.swift; path = WCLShineParams.swift; sourceTree = "<group>"; };
		86093F942456E186004B3952 /* WCLShineButton.swift */ = {isa = PBXFileReference; fileEncoding = 4; lastKnownFileType = sourcecode.swift; path = WCLShineButton.swift; sourceTree = "<group>"; };
		86093F952456E186004B3952 /* Info.plist */ = {isa = PBXFileReference; fileEncoding = 4; lastKnownFileType = text.plist.xml; path = Info.plist; sourceTree = "<group>"; };
		86093F962456E186004B3952 /* WCLShineAngleLayer.swift */ = {isa = PBXFileReference; fileEncoding = 4; lastKnownFileType = sourcecode.swift; path = WCLShineAngleLayer.swift; sourceTree = "<group>"; };
		86093FA32456E5D8004B3952 /* CardRecommand.swift */ = {isa = PBXFileReference; fileEncoding = 4; lastKnownFileType = sourcecode.swift; path = CardRecommand.swift; sourceTree = "<group>"; };
		86093FA52456E64F004B3952 /* EvaInsetLabel.swift */ = {isa = PBXFileReference; fileEncoding = 4; lastKnownFileType = sourcecode.swift; path = EvaInsetLabel.swift; sourceTree = "<group>"; };
		86093FA82456EB9B004B3952 /* ChatCardRecommendHelper.swift */ = {isa = PBXFileReference; fileEncoding = 4; lastKnownFileType = sourcecode.swift; path = ChatCardRecommendHelper.swift; sourceTree = "<group>"; };
		86093FA92456EB9B004B3952 /* ChatCardRecoCollectionViewCell.xib */ = {isa = PBXFileReference; fileEncoding = 4; lastKnownFileType = file.xib; path = ChatCardRecoCollectionViewCell.xib; sourceTree = "<group>"; };
		86093FAA2456EB9B004B3952 /* ChatCardRecoCollectionViewCell.swift */ = {isa = PBXFileReference; fileEncoding = 4; lastKnownFileType = sourcecode.swift; path = ChatCardRecoCollectionViewCell.swift; sourceTree = "<group>"; };
		8612FEC32452CB7000B53183 /* CustomHorizontalStackCollectionViewCell.swift */ = {isa = PBXFileReference; fileEncoding = 4; lastKnownFileType = sourcecode.swift; path = CustomHorizontalStackCollectionViewCell.swift; sourceTree = "<group>"; };
		8612FEC42452CB7000B53183 /* CustomHorizontalStackCollectionViewCell.xib */ = {isa = PBXFileReference; fileEncoding = 4; lastKnownFileType = file.xib; path = CustomHorizontalStackCollectionViewCell.xib; sourceTree = "<group>"; };
		8612FEC62452CB7000B53183 /* VerticalStackViewiCollectionViewCell.xib */ = {isa = PBXFileReference; fileEncoding = 4; lastKnownFileType = file.xib; path = VerticalStackViewiCollectionViewCell.xib; sourceTree = "<group>"; };
		8612FEC72452CB7000B53183 /* VerticalStackViewiCollectionViewCell.swift */ = {isa = PBXFileReference; fileEncoding = 4; lastKnownFileType = sourcecode.swift; path = VerticalStackViewiCollectionViewCell.swift; sourceTree = "<group>"; };
		8612FEC92452CB7000B53183 /* ChatMessageCollectionViewCell.xib */ = {isa = PBXFileReference; fileEncoding = 4; lastKnownFileType = file.xib; path = ChatMessageCollectionViewCell.xib; sourceTree = "<group>"; };
		8612FECA2452CB7000B53183 /* ChatMessageCollectionViewCell.swift */ = {isa = PBXFileReference; fileEncoding = 4; lastKnownFileType = sourcecode.swift; path = ChatMessageCollectionViewCell.swift; sourceTree = "<group>"; };
		8612FECC2452CB7000B53183 /* ChatConnectedAccountCell.swift */ = {isa = PBXFileReference; fileEncoding = 4; lastKnownFileType = sourcecode.swift; path = ChatConnectedAccountCell.swift; sourceTree = "<group>"; };
		8612FECD2452CB7000B53183 /* ChatAccountCollectionViewCell.swift */ = {isa = PBXFileReference; fileEncoding = 4; lastKnownFileType = sourcecode.swift; path = ChatAccountCollectionViewCell.swift; sourceTree = "<group>"; };
		8612FECE2452CB7000B53183 /* ChatConnectedAccountCell.xib */ = {isa = PBXFileReference; fileEncoding = 4; lastKnownFileType = file.xib; path = ChatConnectedAccountCell.xib; sourceTree = "<group>"; };
		8612FECF2452CB7000B53183 /* ChatAccountCollectionViewCell.xib */ = {isa = PBXFileReference; fileEncoding = 4; lastKnownFileType = file.xib; path = ChatAccountCollectionViewCell.xib; sourceTree = "<group>"; };
		8612FED12452CB7000B53183 /* ChatGiphyCollectionViewCell.swift */ = {isa = PBXFileReference; fileEncoding = 4; lastKnownFileType = sourcecode.swift; path = ChatGiphyCollectionViewCell.swift; sourceTree = "<group>"; };
		8612FED22452CB7000B53183 /* ChatGiphyCollectionViewCell.xib */ = {isa = PBXFileReference; fileEncoding = 4; lastKnownFileType = file.xib; path = ChatGiphyCollectionViewCell.xib; sourceTree = "<group>"; };
		8612FED42452CB7100B53183 /* ChatDefaultCollectionViewCell.xib */ = {isa = PBXFileReference; fileEncoding = 4; lastKnownFileType = file.xib; path = ChatDefaultCollectionViewCell.xib; sourceTree = "<group>"; };
		8612FED52452CB7100B53183 /* ChatDefaultCollectionViewCell.swift */ = {isa = PBXFileReference; fileEncoding = 4; lastKnownFileType = sourcecode.swift; path = ChatDefaultCollectionViewCell.swift; sourceTree = "<group>"; };
		8612FEE42452F0DD00B53183 /* Account.swift */ = {isa = PBXFileReference; lastKnownFileType = sourcecode.swift; path = Account.swift; sourceTree = "<group>"; };
		8612FEE72452F3B700B53183 /* WelcomeStackView.swift */ = {isa = PBXFileReference; fileEncoding = 4; lastKnownFileType = sourcecode.swift; path = WelcomeStackView.swift; sourceTree = "<group>"; };
		8612FEE82452F3B700B53183 /* WelcomeStackView.xib */ = {isa = PBXFileReference; fileEncoding = 4; lastKnownFileType = file.xib; path = WelcomeStackView.xib; sourceTree = "<group>"; };
		8612FEEB2452FCF500B53183 /* ChatBubbleView.swift */ = {isa = PBXFileReference; lastKnownFileType = sourcecode.swift; path = ChatBubbleView.swift; sourceTree = "<group>"; };
		8622F1A324516396007B8209 /* ChatKit.xcdatamodel */ = {isa = PBXFileReference; lastKnownFileType = wrapper.xcdatamodel; path = ChatKit.xcdatamodel; sourceTree = "<group>"; };
		8622F1A72451A48F007B8209 /* Assets.xcassets */ = {isa = PBXFileReference; lastKnownFileType = folder.assetcatalog; path = Assets.xcassets; sourceTree = "<group>"; };
		8622F1A924521446007B8209 /* TransactionDetails.swift */ = {isa = PBXFileReference; lastKnownFileType = sourcecode.swift; path = TransactionDetails.swift; sourceTree = "<group>"; };
		863671C3245595D200CCC7A1 /* Languages.json */ = {isa = PBXFileReference; fileEncoding = 4; lastKnownFileType = text.json; path = Languages.json; sourceTree = "<group>"; };
		863671CA24559B9200CCC7A1 /* ChatViewModel.swift */ = {isa = PBXFileReference; lastKnownFileType = sourcecode.swift; path = ChatViewModel.swift; sourceTree = "<group>"; };
		863671CE2455BBA500CCC7A1 /* ChatLabel.swift */ = {isa = PBXFileReference; lastKnownFileType = sourcecode.swift; path = ChatLabel.swift; sourceTree = "<group>"; };
		863671D32456AF8800CCC7A1 /* ChatTransactionInfoCell.swift */ = {isa = PBXFileReference; fileEncoding = 4; lastKnownFileType = sourcecode.swift; path = ChatTransactionInfoCell.swift; sourceTree = "<group>"; };
		863671D42456AF8800CCC7A1 /* ChatTransactionInfoCell.xib */ = {isa = PBXFileReference; fileEncoding = 4; lastKnownFileType = file.xib; path = ChatTransactionInfoCell.xib; sourceTree = "<group>"; };
		863671D52456AF8800CCC7A1 /* ChatTransactionCollectionViewCell.xib */ = {isa = PBXFileReference; fileEncoding = 4; lastKnownFileType = file.xib; path = ChatTransactionCollectionViewCell.xib; sourceTree = "<group>"; };
		863671D62456AF8800CCC7A1 /* ChatTransactionCollectionViewCell.swift */ = {isa = PBXFileReference; fileEncoding = 4; lastKnownFileType = sourcecode.swift; path = ChatTransactionCollectionViewCell.swift; sourceTree = "<group>"; };
		86AF8A9124570E3200CB4991 /* VBPieChart.m */ = {isa = PBXFileReference; fileEncoding = 4; lastKnownFileType = sourcecode.c.objc; path = VBPieChart.m; sourceTree = "<group>"; };
		86AF8A9224570E3200CB4991 /* VBPiePiece.m */ = {isa = PBXFileReference; fileEncoding = 4; lastKnownFileType = sourcecode.c.objc; path = VBPiePiece.m; sourceTree = "<group>"; };
		86AF8A9324570E3200CB4991 /* VBPiePiece_private.h */ = {isa = PBXFileReference; fileEncoding = 4; lastKnownFileType = sourcecode.c.h; path = VBPiePiece_private.h; sourceTree = "<group>"; };
		86AF8A9424570E3200CB4991 /* UIColor+HexColor.m */ = {isa = PBXFileReference; fileEncoding = 4; lastKnownFileType = sourcecode.c.objc; path = "UIColor+HexColor.m"; sourceTree = "<group>"; };
		86AF8A9524570E3200CB4991 /* VBPiePiece.h */ = {isa = PBXFileReference; fileEncoding = 4; lastKnownFileType = sourcecode.c.h; path = VBPiePiece.h; sourceTree = "<group>"; };
		86AF8A9624570E3200CB4991 /* VBPieChart.h */ = {isa = PBXFileReference; fileEncoding = 4; lastKnownFileType = sourcecode.c.h; path = VBPieChart.h; sourceTree = "<group>"; };
		86AF8A9724570E3200CB4991 /* UIColor+HexColor.h */ = {isa = PBXFileReference; fileEncoding = 4; lastKnownFileType = sourcecode.c.h; path = "UIColor+HexColor.h"; sourceTree = "<group>"; };
		86AF8AA024570EAD00CB4991 /* ChatPieChartCollectionViewCell.xib */ = {isa = PBXFileReference; fileEncoding = 4; lastKnownFileType = file.xib; path = ChatPieChartCollectionViewCell.xib; sourceTree = "<group>"; };
		86AF8AA124570EAD00CB4991 /* ChatPieChartCollectionViewCell.swift */ = {isa = PBXFileReference; fileEncoding = 4; lastKnownFileType = sourcecode.swift; path = ChatPieChartCollectionViewCell.swift; sourceTree = "<group>"; };
		86AF8AA424570F4E00CB4991 /* GraphData.swift */ = {isa = PBXFileReference; lastKnownFileType = sourcecode.swift; path = GraphData.swift; sourceTree = "<group>"; };
		86AF8AA72457282500CB4991 /* ChatBarChartCollectionViewCell.swift */ = {isa = PBXFileReference; fileEncoding = 4; lastKnownFileType = sourcecode.swift; path = ChatBarChartCollectionViewCell.swift; sourceTree = "<group>"; };
		86AF8AA82457282500CB4991 /* ChatBarChartCollectionViewCell.xib */ = {isa = PBXFileReference; fileEncoding = 4; lastKnownFileType = file.xib; path = ChatBarChartCollectionViewCell.xib; sourceTree = "<group>"; };
		86AF8AAB245728B200CB4991 /* ScrollableGraphView.swift */ = {isa = PBXFileReference; fileEncoding = 4; lastKnownFileType = sourcecode.swift; path = ScrollableGraphView.swift; sourceTree = "<group>"; };
		86B688DA244DBE68009BEF0A /* ChatKit.framework */ = {isa = PBXFileReference; explicitFileType = wrapper.framework; includeInIndex = 0; path = ChatKit.framework; sourceTree = BUILT_PRODUCTS_DIR; };
		86B688DD244DBE68009BEF0A /* ChatKit.h */ = {isa = PBXFileReference; lastKnownFileType = sourcecode.c.h; path = ChatKit.h; sourceTree = "<group>"; };
		86B688DE244DBE68009BEF0A /* Info.plist */ = {isa = PBXFileReference; lastKnownFileType = text.plist.xml; path = Info.plist; sourceTree = "<group>"; };
		86B688E8244F2B0E009BEF0A /* Date+Helper.swift */ = {isa = PBXFileReference; fileEncoding = 4; lastKnownFileType = sourcecode.swift; path = "Date+Helper.swift"; sourceTree = "<group>"; };
		86B688E9244F2B0E009BEF0A /* DateHelper.swift */ = {isa = PBXFileReference; fileEncoding = 4; lastKnownFileType = sourcecode.swift; path = DateHelper.swift; sourceTree = "<group>"; };
		86B688EB244F2B0E009BEF0A /* ChatCustomMessagesFlowLayout.swift */ = {isa = PBXFileReference; fileEncoding = 4; lastKnownFileType = sourcecode.swift; path = ChatCustomMessagesFlowLayout.swift; sourceTree = "<group>"; };
		86B688F0244F2B0E009BEF0A /* ChatDBMessage+CoreDataClass.swift */ = {isa = PBXFileReference; fileEncoding = 4; lastKnownFileType = sourcecode.swift; path = "ChatDBMessage+CoreDataClass.swift"; sourceTree = "<group>"; };
		86B688F1244F2B0E009BEF0A /* ChatDBUnsentMessage+CoreDataProperties.swift */ = {isa = PBXFileReference; fileEncoding = 4; lastKnownFileType = sourcecode.swift; path = "ChatDBUnsentMessage+CoreDataProperties.swift"; sourceTree = "<group>"; };
		86B688F2244F2B0E009BEF0A /* ChatDBMessage+CoreDataProperties.swift */ = {isa = PBXFileReference; fileEncoding = 4; lastKnownFileType = sourcecode.swift; path = "ChatDBMessage+CoreDataProperties.swift"; sourceTree = "<group>"; };
		86B688F3244F2B0E009BEF0A /* ChatDBUnsentMessage+CoreDataClass.swift */ = {isa = PBXFileReference; fileEncoding = 4; lastKnownFileType = sourcecode.swift; path = "ChatDBUnsentMessage+CoreDataClass.swift"; sourceTree = "<group>"; };
		86B688F5244F2B0E009BEF0A /* ChatBWService.swift */ = {isa = PBXFileReference; fileEncoding = 4; lastKnownFileType = sourcecode.swift; path = ChatBWService.swift; sourceTree = "<group>"; };
		86B688F6244F2B0E009BEF0A /* ChatMessageService.swift */ = {isa = PBXFileReference; fileEncoding = 4; lastKnownFileType = sourcecode.swift; path = ChatMessageService.swift; sourceTree = "<group>"; };
		86B6891A244F2B0E009BEF0A /* Hello.gif */ = {isa = PBXFileReference; lastKnownFileType = image.gif; path = Hello.gif; sourceTree = "<group>"; };
		86B6891F244F2B0E009BEF0A /* ChatCoreDataStack.swift */ = {isa = PBXFileReference; fileEncoding = 4; lastKnownFileType = sourcecode.swift; path = ChatCoreDataStack.swift; sourceTree = "<group>"; };
		86B68920244F2B0E009BEF0A /* ChatCoreDataManager.swift */ = {isa = PBXFileReference; fileEncoding = 4; lastKnownFileType = sourcecode.swift; path = ChatCoreDataManager.swift; sourceTree = "<group>"; };
		86B68921244F2B0E009BEF0A /* NSManagedObjectContext+Helper.swift */ = {isa = PBXFileReference; fileEncoding = 4; lastKnownFileType = sourcecode.swift; path = "NSManagedObjectContext+Helper.swift"; sourceTree = "<group>"; };
		86B68923244F2B0E009BEF0A /* 6.json */ = {isa = PBXFileReference; fileEncoding = 4; lastKnownFileType = text.json; path = 6.json; sourceTree = "<group>"; };
		86B68924244F2B0E009BEF0A /* 7.json */ = {isa = PBXFileReference; fileEncoding = 4; lastKnownFileType = text.json; path = 7.json; sourceTree = "<group>"; };
		86B68925244F2B0E009BEF0A /* 1.json */ = {isa = PBXFileReference; fileEncoding = 4; lastKnownFileType = text.json; path = 1.json; sourceTree = "<group>"; };
		86B68926244F2B0E009BEF0A /* 2.json */ = {isa = PBXFileReference; fileEncoding = 4; lastKnownFileType = text.json; path = 2.json; sourceTree = "<group>"; };
		86B68927244F2B0E009BEF0A /* 3.json */ = {isa = PBXFileReference; fileEncoding = 4; lastKnownFileType = text.json; path = 3.json; sourceTree = "<group>"; };
		86B68928244F2B0E009BEF0A /* 4.json */ = {isa = PBXFileReference; fileEncoding = 4; lastKnownFileType = text.json; path = 4.json; sourceTree = "<group>"; };
		86B68929244F2B0E009BEF0A /* 5.json */ = {isa = PBXFileReference; fileEncoding = 4; lastKnownFileType = text.json; path = 5.json; sourceTree = "<group>"; };
		86B6892A244F2B0E009BEF0A /* Message.json */ = {isa = PBXFileReference; fileEncoding = 4; lastKnownFileType = text.json; path = Message.json; sourceTree = "<group>"; };
		86B6892E244F2B0E009BEF0A /* Language.swift */ = {isa = PBXFileReference; fileEncoding = 4; lastKnownFileType = sourcecode.swift; path = Language.swift; sourceTree = "<group>"; };
		86B68932244F2B0E009BEF0A /* Lorem.swift */ = {isa = PBXFileReference; fileEncoding = 4; lastKnownFileType = sourcecode.swift; path = Lorem.swift; sourceTree = "<group>"; };
		86B68934244F2B0E009BEF0A /* MockMessage.swift */ = {isa = PBXFileReference; fileEncoding = 4; lastKnownFileType = sourcecode.swift; path = MockMessage.swift; sourceTree = "<group>"; };
		86B68935244F2B0E009BEF0A /* MockUser.swift */ = {isa = PBXFileReference; fileEncoding = 4; lastKnownFileType = sourcecode.swift; path = MockUser.swift; sourceTree = "<group>"; };
		86B68937244F2B0E009BEF0A /* ChatUtils.swift */ = {isa = PBXFileReference; fileEncoding = 4; lastKnownFileType = sourcecode.swift; path = ChatUtils.swift; sourceTree = "<group>"; };
		86B68939244F2B0E009BEF0A /* ChatDBUnsentMessageUpdateOperation.swift */ = {isa = PBXFileReference; fileEncoding = 4; lastKnownFileType = sourcecode.swift; path = ChatDBUnsentMessageUpdateOperation.swift; sourceTree = "<group>"; };
		86B6893A244F2B0E009BEF0A /* ChatDBUpdateOperation.swift */ = {isa = PBXFileReference; fileEncoding = 4; lastKnownFileType = sourcecode.swift; path = ChatDBUpdateOperation.swift; sourceTree = "<group>"; };
		86B6893B244F2B0E009BEF0A /* ChatEvaOperation.swift */ = {isa = PBXFileReference; fileEncoding = 4; lastKnownFileType = sourcecode.swift; path = ChatEvaOperation.swift; sourceTree = "<group>"; };
		86B6893C244F2B0E009BEF0A /* ChatDBMessageUpdateOperation.swift */ = {isa = PBXFileReference; fileEncoding = 4; lastKnownFileType = sourcecode.swift; path = ChatDBMessageUpdateOperation.swift; sourceTree = "<group>"; };
		86B6893E244F2B0E009BEF0A /* ChatViewController.swift */ = {isa = PBXFileReference; fileEncoding = 4; lastKnownFileType = sourcecode.swift; path = ChatViewController.swift; sourceTree = "<group>"; };
		86B6893F244F2B0E009BEF0A /* ChatViewController+CollectionViewDataSource.swift */ = {isa = PBXFileReference; fileEncoding = 4; lastKnownFileType = sourcecode.swift; path = "ChatViewController+CollectionViewDataSource.swift"; sourceTree = "<group>"; };
		86B68940244F2B0E009BEF0A /* CountryPopViewController.swift */ = {isa = PBXFileReference; fileEncoding = 4; lastKnownFileType = sourcecode.swift; path = CountryPopViewController.swift; sourceTree = "<group>"; };
		86B68941244F2B0E009BEF0A /* CardPopupViewController.swift */ = {isa = PBXFileReference; fileEncoding = 4; lastKnownFileType = sourcecode.swift; path = CardPopupViewController.swift; sourceTree = "<group>"; };
		86B68942244F2B0E009BEF0A /* ChatViewController+MessagesDisplayType.swift */ = {isa = PBXFileReference; fileEncoding = 4; lastKnownFileType = sourcecode.swift; path = "ChatViewController+MessagesDisplayType.swift"; sourceTree = "<group>"; };
		86B68943244F2B0E009BEF0A /* ChatViewController+FetchedResultsController.swift */ = {isa = PBXFileReference; fileEncoding = 4; lastKnownFileType = sourcecode.swift; path = "ChatViewController+FetchedResultsController.swift"; sourceTree = "<group>"; };
		86B68944244F2B0E009BEF0A /* ChatViewController+LoadMore.swift */ = {isa = PBXFileReference; fileEncoding = 4; lastKnownFileType = sourcecode.swift; path = "ChatViewController+LoadMore.swift"; sourceTree = "<group>"; };
		86B68945244F2B0E009BEF0A /* ChatViewController+MessageCellDelegate.swift */ = {isa = PBXFileReference; fileEncoding = 4; lastKnownFileType = sourcecode.swift; path = "ChatViewController+MessageCellDelegate.swift"; sourceTree = "<group>"; };
		86B68947244F2B0E009BEF0A /* ChatDataController.swift */ = {isa = PBXFileReference; fileEncoding = 4; lastKnownFileType = sourcecode.swift; path = ChatDataController.swift; sourceTree = "<group>"; };
		86B68949244F2B0E009BEF0A /* ChatMessageDataModel.swift */ = {isa = PBXFileReference; fileEncoding = 4; lastKnownFileType = sourcecode.swift; path = ChatMessageDataModel.swift; sourceTree = "<group>"; };
		86B6894B244F2B0E009BEF0A /* ChatSectionHeaderReusableView.xib */ = {isa = PBXFileReference; fileEncoding = 4; lastKnownFileType = file.xib; path = ChatSectionHeaderReusableView.xib; sourceTree = "<group>"; };
		86B6894C244F2B0E009BEF0A /* ChatSectionFooterReusableView.xib */ = {isa = PBXFileReference; fileEncoding = 4; lastKnownFileType = file.xib; path = ChatSectionFooterReusableView.xib; sourceTree = "<group>"; };
		86B6894D244F2B0E009BEF0A /* ChatSectionFooterReusableView.swift */ = {isa = PBXFileReference; fileEncoding = 4; lastKnownFileType = sourcecode.swift; path = ChatSectionFooterReusableView.swift; sourceTree = "<group>"; };
		86B6894E244F2B0E009BEF0A /* ChatSectionHeaderReusableView.swift */ = {isa = PBXFileReference; fileEncoding = 4; lastKnownFileType = sourcecode.swift; path = ChatSectionHeaderReusableView.swift; sourceTree = "<group>"; };
		86B6899B244F2D95009BEF0A /* ChatConstant.swift */ = {isa = PBXFileReference; lastKnownFileType = sourcecode.swift; path = ChatConstant.swift; sourceTree = "<group>"; };
		86B6899D244F3410009BEF0A /* ChatColor.swift */ = {isa = PBXFileReference; fileEncoding = 4; lastKnownFileType = sourcecode.swift; path = ChatColor.swift; sourceTree = "<group>"; };
		86B6899F244F3760009BEF0A /* UIColor+colorFromHex.swift */ = {isa = PBXFileReference; fileEncoding = 4; lastKnownFileType = sourcecode.swift; path = "UIColor+colorFromHex.swift"; sourceTree = "<group>"; };
		86B689A0244F3760009BEF0A /* UIColor.swift */ = {isa = PBXFileReference; fileEncoding = 4; lastKnownFileType = sourcecode.swift; path = UIColor.swift; sourceTree = "<group>"; };
		86B689A3244F421D009BEF0A /* JsonMapper.swift */ = {isa = PBXFileReference; fileEncoding = 4; lastKnownFileType = sourcecode.swift; path = JsonMapper.swift; sourceTree = "<group>"; };
		86B689A5244F4DD4009BEF0A /* String.swift */ = {isa = PBXFileReference; fileEncoding = 4; lastKnownFileType = sourcecode.swift; path = String.swift; sourceTree = "<group>"; };
		86B689A8244F5A5C009BEF0A /* ChatFrameworkLauncher.swift */ = {isa = PBXFileReference; fileEncoding = 4; lastKnownFileType = sourcecode.swift; path = ChatFrameworkLauncher.swift; sourceTree = "<group>"; };
		86D2A8C824509912009FC488 /* Main.storyboard */ = {isa = PBXFileReference; lastKnownFileType = file.storyboard; path = Main.storyboard; sourceTree = "<group>"; };
		86D2A8ED2450A454009FC488 /* EvaWorkflowManager.swift */ = {isa = PBXFileReference; fileEncoding = 4; lastKnownFileType = sourcecode.swift; path = EvaWorkflowManager.swift; sourceTree = "<group>"; };
		86D2A8F72450B082009FC488 /* Alamofire.framework */ = {isa = PBXFileReference; explicitFileType = wrapper.framework; path = Alamofire.framework; sourceTree = BUILT_PRODUCTS_DIR; };
		86D2A8F92450B0A8009FC488 /* Alamofire.framework */ = {isa = PBXFileReference; explicitFileType = wrapper.framework; path = Alamofire.framework; sourceTree = BUILT_PRODUCTS_DIR; };
		86D2A8FD2450B0E7009FC488 /* Alamofire.framework */ = {isa = PBXFileReference; explicitFileType = wrapper.framework; path = Alamofire.framework; sourceTree = BUILT_PRODUCTS_DIR; };
		86D43303245815030016C88F /* TranscationsViewController.swift */ = {isa = PBXFileReference; lastKnownFileType = sourcecode.swift; path = TranscationsViewController.swift; sourceTree = "<group>"; };
		86D43305245815150016C88F /* AccountsViewController.swift */ = {isa = PBXFileReference; lastKnownFileType = sourcecode.swift; path = AccountsViewController.swift; sourceTree = "<group>"; };
		86D4330724581F1E0016C88F /* ChatViewController+FloatingView.swift */ = {isa = PBXFileReference; lastKnownFileType = sourcecode.swift; path = "ChatViewController+FloatingView.swift"; sourceTree = "<group>"; };
		86D433092458205B0016C88F /* ChatViewController+Speech.swift */ = {isa = PBXFileReference; lastKnownFileType = sourcecode.swift; path = "ChatViewController+Speech.swift"; sourceTree = "<group>"; };
		F04B684D245560140040E89A /* QuartzCore.framework */ = {isa = PBXFileReference; lastKnownFileType = wrapper.framework; name = QuartzCore.framework; path = Platforms/MacOSX.platform/Developer/SDKs/MacOSX10.15.sdk/System/Library/Frameworks/QuartzCore.framework; sourceTree = DEVELOPER_DIR; };
		F36389A33B2A2B571AEAAB0E /* Pods-ChatKit.debug.xcconfig */ = {isa = PBXFileReference; includeInIndex = 1; lastKnownFileType = text.xcconfig; name = "Pods-ChatKit.debug.xcconfig"; path = "Target Support Files/Pods-ChatKit/Pods-ChatKit.debug.xcconfig"; sourceTree = "<group>"; };
/* End PBXFileReference section */

/* Begin PBXFrameworksBuildPhase section */
		86B688D7244DBE68009BEF0A /* Frameworks */ = {
			isa = PBXFrameworksBuildPhase;
			buildActionMask = 2147483647;
			files = (
				F04B684E245560140040E89A /* QuartzCore.framework in Frameworks */,
				0D2CDF0F5B031D30D7F5ED59 /* Pods_ChatKit.framework in Frameworks */,
			);
			runOnlyForDeploymentPostprocessing = 0;
		};
/* End PBXFrameworksBuildPhase section */

/* Begin PBXGroup section */
		4FD6485CDC2F48D825EA0003 /* Frameworks */ = {
			isa = PBXGroup;
			children = (
				F04B684D245560140040E89A /* QuartzCore.framework */,
				86D2A8FD2450B0E7009FC488 /* Alamofire.framework */,
				86D2A8F92450B0A8009FC488 /* Alamofire.framework */,
				86D2A8F72450B082009FC488 /* Alamofire.framework */,
				35F018242614956FA2B61BE2 /* Pods_ChatKit.framework */,
			);
			name = Frameworks;
			sourceTree = "<group>";
		};
		86093F382456C807004B3952 /* EmojiDisplay */ = {
			isa = PBXGroup;
			children = (
				86093F392456C807004B3952 /* Emoji.swift */,
				86093F3A2456C807004B3952 /* Emoji.h */,
				86093F3B2456C807004B3952 /* String+Emoji.swift */,
			);
			path = EmojiDisplay;
			sourceTree = "<group>";
		};
		86093F722456E073004B3952 /* CustomViews */ = {
			isa = PBXGroup;
			children = (
				86093FA52456E64F004B3952 /* EvaInsetLabel.swift */,
				86AF8AAB245728B200CB4991 /* ScrollableGraphView.swift */,
				86AF8A9024570E3200CB4991 /* PieChart */,
				86093F902456E186004B3952 /* WCLShineButton */,
				86093F732456E073004B3952 /* CarouselItem */,
				86093F782456E073004B3952 /* CardRecAnimatedLabel */,
				86093F862456E073004B3952 /* CircularScrollView */,
			);
			path = CustomViews;
			sourceTree = "<group>";
		};
		86093F732456E073004B3952 /* CarouselItem */ = {
			isa = PBXGroup;
			children = (
				86093F742456E073004B3952 /* EvaCarouselItem.h */,
				86093F752456E073004B3952 /* EvaCarouselView.h */,
				86093F762456E073004B3952 /* EvaCarouselItem.m */,
				86093F772456E073004B3952 /* EvaCarouselView.m */,
			);
			path = CarouselItem;
			sourceTree = "<group>";
		};
		86093F782456E073004B3952 /* CardRecAnimatedLabel */ = {
			isa = PBXGroup;
			children = (
				86093F792456E073004B3952 /* ZCAnimatedLabel.h */,
				86093F7A2456E073004B3952 /* ZCEasingUtil.m */,
				86093F7B2456E073004B3952 /* ZCCoreTextLayout.h */,
				86093F7C2456E073004B3952 /* ZCAnimatedLabel.m */,
				86093F7D2456E073004B3952 /* ZCCoreTextLayout.m */,
				86093F7E2456E073004B3952 /* ZCEasingUtil.h */,
			);
			path = CardRecAnimatedLabel;
			sourceTree = "<group>";
		};
		86093F862456E073004B3952 /* CircularScrollView */ = {
			isa = PBXGroup;
			children = (
				86093F872456E073004B3952 /* SwiftCarousel.swift */,
				86093F882456E073004B3952 /* SiriContentView.xib */,
				86093F892456E073004B3952 /* SiriContentView.swift */,
			);
			path = CircularScrollView;
			sourceTree = "<group>";
		};
		86093F902456E186004B3952 /* WCLShineButton */ = {
			isa = PBXGroup;
			children = (
				86093F912456E186004B3952 /* WCLShineLayer.swift */,
				86093F922456E186004B3952 /* WCLShineClickLayer.swift */,
				86093F932456E186004B3952 /* WCLShineParams.swift */,
				86093F942456E186004B3952 /* WCLShineButton.swift */,
				86093F952456E186004B3952 /* Info.plist */,
				86093F962456E186004B3952 /* WCLShineAngleLayer.swift */,
			);
			path = WCLShineButton;
			sourceTree = "<group>";
		};
		86093FA72456EB9B004B3952 /* CardRecoCustomCell */ = {
			isa = PBXGroup;
			children = (
				86093FA82456EB9B004B3952 /* ChatCardRecommendHelper.swift */,
				86093FA92456EB9B004B3952 /* ChatCardRecoCollectionViewCell.xib */,
				86093FAA2456EB9B004B3952 /* ChatCardRecoCollectionViewCell.swift */,
			);
			path = CardRecoCustomCell;
			sourceTree = "<group>";
		};
		8612FEC22452CB7000B53183 /* CustomHorizontalStackView */ = {
			isa = PBXGroup;
			children = (
				8612FEC32452CB7000B53183 /* CustomHorizontalStackCollectionViewCell.swift */,
				8612FEC42452CB7000B53183 /* CustomHorizontalStackCollectionViewCell.xib */,
			);
			path = CustomHorizontalStackView;
			sourceTree = "<group>";
		};
		8612FEC52452CB7000B53183 /* CustomVerticalStackView */ = {
			isa = PBXGroup;
			children = (
				8612FEC62452CB7000B53183 /* VerticalStackViewiCollectionViewCell.xib */,
				8612FEC72452CB7000B53183 /* VerticalStackViewiCollectionViewCell.swift */,
			);
			path = CustomVerticalStackView;
			sourceTree = "<group>";
		};
		8612FEC82452CB7000B53183 /* CustomNotes */ = {
			isa = PBXGroup;
			children = (
				8612FEC92452CB7000B53183 /* ChatMessageCollectionViewCell.xib */,
				8612FECA2452CB7000B53183 /* ChatMessageCollectionViewCell.swift */,
			);
			path = CustomNotes;
			sourceTree = "<group>";
		};
		8612FECB2452CB7000B53183 /* ChatAccountCustomCell */ = {
			isa = PBXGroup;
			children = (
				8612FECC2452CB7000B53183 /* ChatConnectedAccountCell.swift */,
				8612FECD2452CB7000B53183 /* ChatAccountCollectionViewCell.swift */,
				8612FECE2452CB7000B53183 /* ChatConnectedAccountCell.xib */,
				8612FECF2452CB7000B53183 /* ChatAccountCollectionViewCell.xib */,
			);
			path = ChatAccountCustomCell;
			sourceTree = "<group>";
		};
		8612FED02452CB7000B53183 /* ChatGiphyCustomCell */ = {
			isa = PBXGroup;
			children = (
				8612FED12452CB7000B53183 /* ChatGiphyCollectionViewCell.swift */,
				8612FED22452CB7000B53183 /* ChatGiphyCollectionViewCell.xib */,
			);
			path = ChatGiphyCustomCell;
			sourceTree = "<group>";
		};
		8612FED32452CB7100B53183 /* ChatDefaultCustomCell */ = {
			isa = PBXGroup;
			children = (
				8612FED42452CB7100B53183 /* ChatDefaultCollectionViewCell.xib */,
				8612FED52452CB7100B53183 /* ChatDefaultCollectionViewCell.swift */,
			);
			path = ChatDefaultCustomCell;
			sourceTree = "<group>";
		};
		8612FEE62452F3B700B53183 /* WelcomeStackView */ = {
			isa = PBXGroup;
			children = (
				8612FEE72452F3B700B53183 /* WelcomeStackView.swift */,
				8612FEE82452F3B700B53183 /* WelcomeStackView.xib */,
			);
			path = WelcomeStackView;
			sourceTree = "<group>";
		};
		8622F1A52451A45A007B8209 /* Resources */ = {
			isa = PBXGroup;
			children = (
				8622F1A62451A46C007B8209 /* Assets */,
			);
			path = Resources;
			sourceTree = "<group>";
		};
		8622F1A62451A46C007B8209 /* Assets */ = {
			isa = PBXGroup;
			children = (
				8622F1A72451A48F007B8209 /* Assets.xcassets */,
			);
			path = Assets;
			sourceTree = "<group>";
		};
		863671C524559B6400CCC7A1 /* Models */ = {
			isa = PBXGroup;
			children = (
				86B688F0244F2B0E009BEF0A /* ChatDBMessage+CoreDataClass.swift */,
				86B688F1244F2B0E009BEF0A /* ChatDBUnsentMessage+CoreDataProperties.swift */,
				86B688F2244F2B0E009BEF0A /* ChatDBMessage+CoreDataProperties.swift */,
				86B688F3244F2B0E009BEF0A /* ChatDBUnsentMessage+CoreDataClass.swift */,
				8622F1A924521446007B8209 /* TransactionDetails.swift */,
				8612FEE42452F0DD00B53183 /* Account.swift */,
				86B6892E244F2B0E009BEF0A /* Language.swift */,
				86093FA32456E5D8004B3952 /* CardRecommand.swift */,
				86AF8AA424570F4E00CB4991 /* GraphData.swift */,
			);
			path = Models;
			sourceTree = "<group>";
		};
		863671C624559B6400CCC7A1 /* Services */ = {
			isa = PBXGroup;
			children = (
				86B688F5244F2B0E009BEF0A /* ChatBWService.swift */,
				86B688F6244F2B0E009BEF0A /* ChatMessageService.swift */,
			);
			path = Services;
			sourceTree = "<group>";
		};
		863671C724559B6400CCC7A1 /* Utils */ = {
			isa = PBXGroup;
			children = (
				86B6891A244F2B0E009BEF0A /* Hello.gif */,
				86B68938244F2B0E009BEF0A /* Operations */,
				86B68936244F2B0E009BEF0A /* Helper */,
				86B68931244F2B0E009BEF0A /* ChatMessageKitClasses */,
				86B68922244F2B0E009BEF0A /* MockJsons */,
				86B6891E244F2B0E009BEF0A /* CoreDataStack */,
				863671CD24559C3200CCC7A1 /* Extensions */,
			);
			path = Utils;
			sourceTree = "<group>";
		};
		863671C824559B6400CCC7A1 /* ViewModels */ = {
			isa = PBXGroup;
			children = (
				863671CA24559B9200CCC7A1 /* ChatViewModel.swift */,
				86B68949244F2B0E009BEF0A /* ChatMessageDataModel.swift */,
				86B68947244F2B0E009BEF0A /* ChatDataController.swift */,
			);
			path = ViewModels;
			sourceTree = "<group>";
		};
		863671C924559B6400CCC7A1 /* ViewControllers */ = {
			isa = PBXGroup;
			children = (
				86B688EB244F2B0E009BEF0A /* ChatCustomMessagesFlowLayout.swift */,
				86B6893E244F2B0E009BEF0A /* ChatViewController.swift */,
				86B6893F244F2B0E009BEF0A /* ChatViewController+CollectionViewDataSource.swift */,
				86B68942244F2B0E009BEF0A /* ChatViewController+MessagesDisplayType.swift */,
				86B68943244F2B0E009BEF0A /* ChatViewController+FetchedResultsController.swift */,
				86B68944244F2B0E009BEF0A /* ChatViewController+LoadMore.swift */,
				86D4330724581F1E0016C88F /* ChatViewController+FloatingView.swift */,
				86B68945244F2B0E009BEF0A /* ChatViewController+MessageCellDelegate.swift */,
				86D433092458205B0016C88F /* ChatViewController+Speech.swift */,
				86B68940244F2B0E009BEF0A /* CountryPopViewController.swift */,
				86B68941244F2B0E009BEF0A /* CardPopupViewController.swift */,
				86D43303245815030016C88F /* TranscationsViewController.swift */,
				86D43305245815150016C88F /* AccountsViewController.swift */,
				86D2A8C724509905009FC488 /* StoryBoard */,
			);
			path = ViewControllers;
			sourceTree = "<group>";
		};
		863671CC24559BC200CCC7A1 /* CustomCells */ = {
			isa = PBXGroup;
			children = (
				86AF8AA62457282500CB4991 /* ChatBarChartCustomCell */,
				86AF8A9F24570EAD00CB4991 /* ChatPieChartCustomCell */,
				86093FA72456EB9B004B3952 /* CardRecoCustomCell */,
				863671D22456AF8800CCC7A1 /* TransactionCustomCell */,
				86B6894A244F2B0E009BEF0A /* HeaderAndFooterCells */,
				8612FEE62452F3B700B53183 /* WelcomeStackView */,
				8612FECB2452CB7000B53183 /* ChatAccountCustomCell */,
				8612FED32452CB7100B53183 /* ChatDefaultCustomCell */,
				8612FED02452CB7000B53183 /* ChatGiphyCustomCell */,
				8612FEC22452CB7000B53183 /* CustomHorizontalStackView */,
				8612FEC82452CB7000B53183 /* CustomNotes */,
				8612FEC52452CB7000B53183 /* CustomVerticalStackView */,
			);
			path = CustomCells;
			sourceTree = "<group>";
		};
		863671CD24559C3200CCC7A1 /* Extensions */ = {
			isa = PBXGroup;
			children = (
				86093F382456C807004B3952 /* EmojiDisplay */,
				86B689A5244F4DD4009BEF0A /* String.swift */,
				86B689A0244F3760009BEF0A /* UIColor.swift */,
				86B6899F244F3760009BEF0A /* UIColor+colorFromHex.swift */,
				86B688E8244F2B0E009BEF0A /* Date+Helper.swift */,
				86B688E9244F2B0E009BEF0A /* DateHelper.swift */,
			);
			path = Extensions;
			sourceTree = "<group>";
		};
		863671D22456AF8800CCC7A1 /* TransactionCustomCell */ = {
			isa = PBXGroup;
			children = (
				863671D32456AF8800CCC7A1 /* ChatTransactionInfoCell.swift */,
				863671D42456AF8800CCC7A1 /* ChatTransactionInfoCell.xib */,
				863671D52456AF8800CCC7A1 /* ChatTransactionCollectionViewCell.xib */,
				863671D62456AF8800CCC7A1 /* ChatTransactionCollectionViewCell.swift */,
			);
			path = TransactionCustomCell;
			sourceTree = "<group>";
		};
		86AF8A9024570E3200CB4991 /* PieChart */ = {
			isa = PBXGroup;
			children = (
				86AF8A9124570E3200CB4991 /* VBPieChart.m */,
				86AF8A9224570E3200CB4991 /* VBPiePiece.m */,
				86AF8A9324570E3200CB4991 /* VBPiePiece_private.h */,
				86AF8A9424570E3200CB4991 /* UIColor+HexColor.m */,
				86AF8A9524570E3200CB4991 /* VBPiePiece.h */,
				86AF8A9624570E3200CB4991 /* VBPieChart.h */,
				86AF8A9724570E3200CB4991 /* UIColor+HexColor.h */,
			);
			path = PieChart;
			sourceTree = "<group>";
		};
		86AF8A9F24570EAD00CB4991 /* ChatPieChartCustomCell */ = {
			isa = PBXGroup;
			children = (
				86AF8AA024570EAD00CB4991 /* ChatPieChartCollectionViewCell.xib */,
				86AF8AA124570EAD00CB4991 /* ChatPieChartCollectionViewCell.swift */,
			);
			path = ChatPieChartCustomCell;
			sourceTree = "<group>";
		};
		86AF8AA62457282500CB4991 /* ChatBarChartCustomCell */ = {
			isa = PBXGroup;
			children = (
				86AF8AA72457282500CB4991 /* ChatBarChartCollectionViewCell.swift */,
				86AF8AA82457282500CB4991 /* ChatBarChartCollectionViewCell.xib */,
			);
			path = ChatBarChartCustomCell;
			sourceTree = "<group>";
		};
		86B688D0244DBE68009BEF0A = {
			isa = PBXGroup;
			children = (
				86B688DC244DBE68009BEF0A /* ChatKit */,
				86B688DB244DBE68009BEF0A /* Products */,
				8622F1A52451A45A007B8209 /* Resources */,
				DA68D846DAEFE97EF4F2E4F9 /* Pods */,
				4FD6485CDC2F48D825EA0003 /* Frameworks */,
			);
			sourceTree = "<group>";
		};
		86B688DB244DBE68009BEF0A /* Products */ = {
			isa = PBXGroup;
			children = (
				86B688DA244DBE68009BEF0A /* ChatKit.framework */,
			);
			name = Products;
			sourceTree = "<group>";
		};
		86B688DC244DBE68009BEF0A /* ChatKit */ = {
			isa = PBXGroup;
			children = (
				86D2A8EC2450A454009FC488 /* WorkflowManager */,
				86B689A7244F5A5C009BEF0A /* Launcher */,
				86B688E5244F2B0E009BEF0A /* Chat */,
				86B688DD244DBE68009BEF0A /* ChatKit.h */,
				86B688DE244DBE68009BEF0A /* Info.plist */,
			);
			path = ChatKit;
			sourceTree = "<group>";
		};
		86B688E5244F2B0E009BEF0A /* Chat */ = {
			isa = PBXGroup;
			children = (
				863671C924559B6400CCC7A1 /* ViewControllers */,
				86093F722456E073004B3952 /* CustomViews */,
				863671CC24559BC200CCC7A1 /* CustomCells */,
				863671C824559B6400CCC7A1 /* ViewModels */,
				863671C524559B6400CCC7A1 /* Models */,
				863671C624559B6400CCC7A1 /* Services */,
				863671C724559B6400CCC7A1 /* Utils */,
				86B6891B244F2B0E009BEF0A /* ChatXCDataModel */,
			);
			path = Chat;
			sourceTree = "<group>";
		};
		86B6891B244F2B0E009BEF0A /* ChatXCDataModel */ = {
			isa = PBXGroup;
			children = (
				8622F1A224516396007B8209 /* ChatKit.xcdatamodeld */,
			);
			path = ChatXCDataModel;
			sourceTree = "<group>";
		};
		86B6891E244F2B0E009BEF0A /* CoreDataStack */ = {
			isa = PBXGroup;
			children = (
				86B6891F244F2B0E009BEF0A /* ChatCoreDataStack.swift */,
				86B68920244F2B0E009BEF0A /* ChatCoreDataManager.swift */,
				86B68921244F2B0E009BEF0A /* NSManagedObjectContext+Helper.swift */,
			);
			path = CoreDataStack;
			sourceTree = "<group>";
		};
		86B68922244F2B0E009BEF0A /* MockJsons */ = {
			isa = PBXGroup;
			children = (
				863671C3245595D200CCC7A1 /* Languages.json */,
				86B68923244F2B0E009BEF0A /* 6.json */,
				86B68924244F2B0E009BEF0A /* 7.json */,
				86B68925244F2B0E009BEF0A /* 1.json */,
				86B68926244F2B0E009BEF0A /* 2.json */,
				86B68927244F2B0E009BEF0A /* 3.json */,
				86B68928244F2B0E009BEF0A /* 4.json */,
				86B68929244F2B0E009BEF0A /* 5.json */,
				86B6892A244F2B0E009BEF0A /* Message.json */,
			);
			path = MockJsons;
			sourceTree = "<group>";
		};
		86B68931244F2B0E009BEF0A /* ChatMessageKitClasses */ = {
			isa = PBXGroup;
			children = (
				86B68932244F2B0E009BEF0A /* Lorem.swift */,
				86B68934244F2B0E009BEF0A /* MockMessage.swift */,
				86B68935244F2B0E009BEF0A /* MockUser.swift */,
			);
			path = ChatMessageKitClasses;
			sourceTree = "<group>";
		};
		86B68936244F2B0E009BEF0A /* Helper */ = {
			isa = PBXGroup;
			children = (
				86B689A3244F421D009BEF0A /* JsonMapper.swift */,
				86B6899D244F3410009BEF0A /* ChatColor.swift */,
				86B68937244F2B0E009BEF0A /* ChatUtils.swift */,
				86B6899B244F2D95009BEF0A /* ChatConstant.swift */,
				8612FEEB2452FCF500B53183 /* ChatBubbleView.swift */,
				863671CE2455BBA500CCC7A1 /* ChatLabel.swift */,
			);
			path = Helper;
			sourceTree = "<group>";
		};
		86B68938244F2B0E009BEF0A /* Operations */ = {
			isa = PBXGroup;
			children = (
				86B68939244F2B0E009BEF0A /* ChatDBUnsentMessageUpdateOperation.swift */,
				86B6893A244F2B0E009BEF0A /* ChatDBUpdateOperation.swift */,
				86B6893B244F2B0E009BEF0A /* ChatEvaOperation.swift */,
				86B6893C244F2B0E009BEF0A /* ChatDBMessageUpdateOperation.swift */,
			);
			path = Operations;
			sourceTree = "<group>";
		};
		86B6894A244F2B0E009BEF0A /* HeaderAndFooterCells */ = {
			isa = PBXGroup;
			children = (
				86B6894B244F2B0E009BEF0A /* ChatSectionHeaderReusableView.xib */,
				86B6894C244F2B0E009BEF0A /* ChatSectionFooterReusableView.xib */,
				86B6894D244F2B0E009BEF0A /* ChatSectionFooterReusableView.swift */,
				86B6894E244F2B0E009BEF0A /* ChatSectionHeaderReusableView.swift */,
			);
			path = HeaderAndFooterCells;
			sourceTree = "<group>";
		};
		86B689A7244F5A5C009BEF0A /* Launcher */ = {
			isa = PBXGroup;
			children = (
				86B689A8244F5A5C009BEF0A /* ChatFrameworkLauncher.swift */,
			);
			name = Launcher;
			path = ChatKit/Launcher;
			sourceTree = SOURCE_ROOT;
		};
		86D2A8C724509905009FC488 /* StoryBoard */ = {
			isa = PBXGroup;
			children = (
				86D2A8C824509912009FC488 /* Main.storyboard */,
			);
			path = StoryBoard;
			sourceTree = "<group>";
		};
		86D2A8EC2450A454009FC488 /* WorkflowManager */ = {
			isa = PBXGroup;
			children = (
				86D2A8ED2450A454009FC488 /* EvaWorkflowManager.swift */,
			);
			path = WorkflowManager;
			sourceTree = "<group>";
		};
		DA68D846DAEFE97EF4F2E4F9 /* Pods */ = {
			isa = PBXGroup;
			children = (
				F36389A33B2A2B571AEAAB0E /* Pods-ChatKit.debug.xcconfig */,
				41F071D312678F3FEC106838 /* Pods-ChatKit.release.xcconfig */,
			);
			path = Pods;
			sourceTree = "<group>";
		};
/* End PBXGroup section */

/* Begin PBXHeadersBuildPhase section */
		86B688D5244DBE68009BEF0A /* Headers */ = {
			isa = PBXHeadersBuildPhase;
			buildActionMask = 2147483647;
			files = (
				86AF8A9A24570E3200CB4991 /* VBPiePiece_private.h in Headers */,
				86AF8A9C24570E3200CB4991 /* VBPiePiece.h in Headers */,
				86093FA22456E3D4004B3952 /* ZCEasingUtil.h in Headers */,
				86093F9F2456E354004B3952 /* EvaCarouselView.h in Headers */,
				86AF8A9D24570E3200CB4991 /* VBPieChart.h in Headers */,
				86093FA02456E3C9004B3952 /* ZCAnimatedLabel.h in Headers */,
				86B688DF244DBE68009BEF0A /* ChatKit.h in Headers */,
				86093F9D2456E345004B3952 /* EvaCarouselItem.h in Headers */,
				86AF8A9E24570E3200CB4991 /* UIColor+HexColor.h in Headers */,
				86093F3D2456C807004B3952 /* Emoji.h in Headers */,
				86093FA12456E3CE004B3952 /* ZCCoreTextLayout.h in Headers */,
			);
			runOnlyForDeploymentPostprocessing = 0;
		};
/* End PBXHeadersBuildPhase section */

/* Begin PBXNativeTarget section */
		86B688D9244DBE68009BEF0A /* ChatKit */ = {
			isa = PBXNativeTarget;
			buildConfigurationList = 86B688E2244DBE68009BEF0A /* Build configuration list for PBXNativeTarget "ChatKit" */;
			buildPhases = (
				B1EB6308CD1092D3204151B8 /* [CP] Check Pods Manifest.lock */,
				86B688D5244DBE68009BEF0A /* Headers */,
				86B688D6244DBE68009BEF0A /* Sources */,
				86B688D7244DBE68009BEF0A /* Frameworks */,
				86B688D8244DBE68009BEF0A /* Resources */,
				8622F1892451422E007B8209 /* CopyFiles */,
			);
			buildRules = (
			);
			dependencies = (
			);
			name = ChatKit;
			productName = ChatKit;
			productReference = 86B688DA244DBE68009BEF0A /* ChatKit.framework */;
			productType = "com.apple.product-type.framework";
		};
/* End PBXNativeTarget section */

/* Begin PBXProject section */
		86B688D1244DBE68009BEF0A /* Project object */ = {
			isa = PBXProject;
			attributes = {
				LastUpgradeCheck = 1130;
				ORGANIZATIONNAME = saran;
				TargetAttributes = {
					86B688D9244DBE68009BEF0A = {
						CreatedOnToolsVersion = 11.3.1;
					};
				};
			};
			buildConfigurationList = 86B688D4244DBE68009BEF0A /* Build configuration list for PBXProject "ChatKit" */;
			compatibilityVersion = "Xcode 9.3";
			developmentRegion = en;
			hasScannedForEncodings = 0;
			knownRegions = (
				en,
				Base,
			);
			mainGroup = 86B688D0244DBE68009BEF0A;
			productRefGroup = 86B688DB244DBE68009BEF0A /* Products */;
			projectDirPath = "";
			projectRoot = "";
			targets = (
				86B688D9244DBE68009BEF0A /* ChatKit */,
			);
		};
/* End PBXProject section */

/* Begin PBXResourcesBuildPhase section */
		86B688D8244DBE68009BEF0A /* Resources */ = {
			isa = PBXResourcesBuildPhase;
			buildActionMask = 2147483647;
			files = (
				86B68980244F2B0F009BEF0A /* Message.json in Resources */,
				8612FEEA2452F3B700B53183 /* WelcomeStackView.xib in Resources */,
				86B6897A244F2B0E009BEF0A /* 7.json in Resources */,
				86AF8A8F2456EEF900CB4991 /* SiriContentView.xib in Resources */,
				86093FAC2456EB9B004B3952 /* ChatCardRecoCollectionViewCell.xib in Resources */,
				8612FEE12452CB7100B53183 /* ChatGiphyCollectionViewCell.xib in Resources */,
				86B68997244F2B0F009BEF0A /* ChatSectionHeaderReusableView.xib in Resources */,
				863671D92456AF8800CCC7A1 /* ChatTransactionCollectionViewCell.xib in Resources */,
				863671C4245595D200CCC7A1 /* Languages.json in Resources */,
				8622F1A82451A48F007B8209 /* Assets.xcassets in Resources */,
				8612FED72452CB7100B53183 /* CustomHorizontalStackCollectionViewCell.xib in Resources */,
				8612FEE22452CB7100B53183 /* ChatDefaultCollectionViewCell.xib in Resources */,
				86B6897D244F2B0E009BEF0A /* 3.json in Resources */,
				86B68979244F2B0E009BEF0A /* 6.json in Resources */,
				86B6897F244F2B0F009BEF0A /* 5.json in Resources */,
				8612FED82452CB7100B53183 /* VerticalStackViewiCollectionViewCell.xib in Resources */,
				86B6897C244F2B0E009BEF0A /* 2.json in Resources */,
				86AF8AAA2457282500CB4991 /* ChatBarChartCollectionViewCell.xib in Resources */,
				863671D82456AF8800CCC7A1 /* ChatTransactionInfoCell.xib in Resources */,
				8612FEDF2452CB7100B53183 /* ChatAccountCollectionViewCell.xib in Resources */,
				8612FEDA2452CB7100B53183 /* ChatMessageCollectionViewCell.xib in Resources */,
				86B6897B244F2B0E009BEF0A /* 1.json in Resources */,
				86B6897E244F2B0E009BEF0A /* 4.json in Resources */,
				86B68974244F2B0E009BEF0A /* Hello.gif in Resources */,
				86AF8AA224570EAD00CB4991 /* ChatPieChartCollectionViewCell.xib in Resources */,
				86D2A8C924509912009FC488 /* Main.storyboard in Resources */,
				86B68998244F2B0F009BEF0A /* ChatSectionFooterReusableView.xib in Resources */,
				8612FEDE2452CB7100B53183 /* ChatConnectedAccountCell.xib in Resources */,
			);
			runOnlyForDeploymentPostprocessing = 0;
		};
/* End PBXResourcesBuildPhase section */

/* Begin PBXShellScriptBuildPhase section */
		B1EB6308CD1092D3204151B8 /* [CP] Check Pods Manifest.lock */ = {
			isa = PBXShellScriptBuildPhase;
			buildActionMask = 2147483647;
			files = (
			);
			inputFileListPaths = (
			);
			inputPaths = (
				"${PODS_PODFILE_DIR_PATH}/Podfile.lock",
				"${PODS_ROOT}/Manifest.lock",
			);
			name = "[CP] Check Pods Manifest.lock";
			outputFileListPaths = (
			);
			outputPaths = (
				"$(DERIVED_FILE_DIR)/Pods-ChatKit-checkManifestLockResult.txt",
			);
			runOnlyForDeploymentPostprocessing = 0;
			shellPath = /bin/sh;
			shellScript = "diff \"${PODS_PODFILE_DIR_PATH}/Podfile.lock\" \"${PODS_ROOT}/Manifest.lock\" > /dev/null\nif [ $? != 0 ] ; then\n    # print error to STDERR\n    echo \"error: The sandbox is not in sync with the Podfile.lock. Run 'pod install' or update your CocoaPods installation.\" >&2\n    exit 1\nfi\n# This output is used by Xcode 'outputs' to avoid re-running this script phase.\necho \"SUCCESS\" > \"${SCRIPT_OUTPUT_FILE_0}\"\n";
			showEnvVarsInLog = 0;
		};
/* End PBXShellScriptBuildPhase section */

/* Begin PBXSourcesBuildPhase section */
		86B688D6244DBE68009BEF0A /* Sources */ = {
			isa = PBXSourcesBuildPhase;
			buildActionMask = 2147483647;
			files = (
				8612FEEC2452FCF500B53183 /* ChatBubbleView.swift in Sources */,
				8612FED92452CB7100B53183 /* VerticalStackViewiCollectionViewCell.swift in Sources */,
				8612FEE52452F0DD00B53183 /* Account.swift in Sources */,
				86093FAB2456EB9B004B3952 /* ChatCardRecommendHelper.swift in Sources */,
				86D4330A2458205B0016C88F /* ChatViewController+Speech.swift in Sources */,
				86B68990244F2B0F009BEF0A /* CardPopupViewController.swift in Sources */,
				863671DA2456AF8800CCC7A1 /* ChatTransactionCollectionViewCell.swift in Sources */,
				86B68984244F2B0F009BEF0A /* Lorem.swift in Sources */,
				86B6899E244F3410009BEF0A /* ChatColor.swift in Sources */,
				86B6898B244F2B0F009BEF0A /* ChatEvaOperation.swift in Sources */,
				86B68977244F2B0E009BEF0A /* ChatCoreDataManager.swift in Sources */,
				86AF8AA92457282500CB4991 /* ChatBarChartCollectionViewCell.swift in Sources */,
				86B68995244F2B0F009BEF0A /* ChatDataController.swift in Sources */,
				86AF8A892456EE1F00CB4991 /* ZCEasingUtil.m in Sources */,
				86093F9C2456E186004B3952 /* WCLShineAngleLayer.swift in Sources */,
				86B6898D244F2B0F009BEF0A /* ChatViewController.swift in Sources */,
				8612FEDC2452CB7100B53183 /* ChatConnectedAccountCell.swift in Sources */,
				86B68958244F2B0E009BEF0A /* ChatBWService.swift in Sources */,
				86AF8A8C2456EE2E00CB4991 /* EvaCarouselView.m in Sources */,
				86093F9A2456E186004B3952 /* WCLShineButton.swift in Sources */,
				86AF8A882456EE1800CB4991 /* ZCAnimatedLabel.m in Sources */,
				8622F1A424516396007B8209 /* ChatKit.xcdatamodeld in Sources */,
				86B6894F244F2B0E009BEF0A /* Date+Helper.swift in Sources */,
				86B6898E244F2B0F009BEF0A /* ChatViewController+CollectionViewDataSource.swift in Sources */,
				86B68989244F2B0F009BEF0A /* ChatDBUnsentMessageUpdateOperation.swift in Sources */,
				863671D72456AF8800CCC7A1 /* ChatTransactionInfoCell.swift in Sources */,
				86B68996244F2B0F009BEF0A /* ChatMessageDataModel.swift in Sources */,
				8612FEDB2452CB7100B53183 /* ChatMessageCollectionViewCell.swift in Sources */,
				86B68950244F2B0E009BEF0A /* DateHelper.swift in Sources */,
				86AF8A8D2456EEEE00CB4991 /* SwiftCarousel.swift in Sources */,
				86B6898A244F2B0F009BEF0A /* ChatDBUpdateOperation.swift in Sources */,
				86B68992244F2B0F009BEF0A /* ChatViewController+FetchedResultsController.swift in Sources */,
				86B68982244F2B0F009BEF0A /* Language.swift in Sources */,
				86B68951244F2B0E009BEF0A /* ChatCustomMessagesFlowLayout.swift in Sources */,
				86B689A9244F5A5D009BEF0A /* ChatFrameworkLauncher.swift in Sources */,
				8612FEE92452F3B700B53183 /* WelcomeStackView.swift in Sources */,
				8612FEDD2452CB7100B53183 /* ChatAccountCollectionViewCell.swift in Sources */,
				86B68994244F2B0F009BEF0A /* ChatViewController+MessageCellDelegate.swift in Sources */,
				86AF8A8B2456EE2B00CB4991 /* EvaCarouselItem.m in Sources */,
				86093F992456E186004B3952 /* WCLShineParams.swift in Sources */,
				86AF8AA524570F4E00CB4991 /* GraphData.swift in Sources */,
				86093F972456E186004B3952 /* WCLShineLayer.swift in Sources */,
				86093F3C2456C807004B3952 /* Emoji.swift in Sources */,
				8612FED62452CB7100B53183 /* CustomHorizontalStackCollectionViewCell.swift in Sources */,
				86AF8A9B24570E3200CB4991 /* UIColor+HexColor.m in Sources */,
				86093FAD2456EB9B004B3952 /* ChatCardRecoCollectionViewCell.swift in Sources */,
				86B68986244F2B0F009BEF0A /* MockMessage.swift in Sources */,
				86B68999244F2B0F009BEF0A /* ChatSectionFooterReusableView.swift in Sources */,
				863671CF2455BBA500CCC7A1 /* ChatLabel.swift in Sources */,
				86B68954244F2B0E009BEF0A /* ChatDBMessage+CoreDataClass.swift in Sources */,
				86B68955244F2B0E009BEF0A /* ChatDBUnsentMessage+CoreDataProperties.swift in Sources */,
				86B68959244F2B0E009BEF0A /* ChatMessageService.swift in Sources */,
				86D43304245815030016C88F /* TranscationsViewController.swift in Sources */,
				86AF8A8A2456EE2500CB4991 /* ZCCoreTextLayout.m in Sources */,
				86B6899A244F2B0F009BEF0A /* ChatSectionHeaderReusableView.swift in Sources */,
				863671CB24559B9200CCC7A1 /* ChatViewModel.swift in Sources */,
				86093F982456E186004B3952 /* WCLShineClickLayer.swift in Sources */,
				86B689A6244F4DD4009BEF0A /* String.swift in Sources */,
				86B6898F244F2B0F009BEF0A /* CountryPopViewController.swift in Sources */,
				86D2A8EE2450A455009FC488 /* EvaWorkflowManager.swift in Sources */,
				86AF8A9924570E3200CB4991 /* VBPiePiece.m in Sources */,
				86093F3E2456C807004B3952 /* String+Emoji.swift in Sources */,
				86B689A1244F3760009BEF0A /* UIColor+colorFromHex.swift in Sources */,
				86B68978244F2B0E009BEF0A /* NSManagedObjectContext+Helper.swift in Sources */,
				86B68991244F2B0F009BEF0A /* ChatViewController+MessagesDisplayType.swift in Sources */,
				8612FEE32452CB7100B53183 /* ChatDefaultCollectionViewCell.swift in Sources */,
				86B689A2244F3760009BEF0A /* UIColor.swift in Sources */,
				86B68976244F2B0E009BEF0A /* ChatCoreDataStack.swift in Sources */,
				8612FEE02452CB7100B53183 /* ChatGiphyCollectionViewCell.swift in Sources */,
				86B6899C244F2D95009BEF0A /* ChatConstant.swift in Sources */,
				86D4330824581F1E0016C88F /* ChatViewController+FloatingView.swift in Sources */,
				86B6898C244F2B0F009BEF0A /* ChatDBMessageUpdateOperation.swift in Sources */,
				86B68957244F2B0E009BEF0A /* ChatDBUnsentMessage+CoreDataClass.swift in Sources */,
				86AF8AAC245728B200CB4991 /* ScrollableGraphView.swift in Sources */,
				86B68956244F2B0E009BEF0A /* ChatDBMessage+CoreDataProperties.swift in Sources */,
				86B689A4244F421D009BEF0A /* JsonMapper.swift in Sources */,
				86AF8A8E2456EEF100CB4991 /* SiriContentView.swift in Sources */,
				86B68993244F2B0F009BEF0A /* ChatViewController+LoadMore.swift in Sources */,
				86093FA62456E64F004B3952 /* EvaInsetLabel.swift in Sources */,
				86B68987244F2B0F009BEF0A /* MockUser.swift in Sources */,
				86AF8AA324570EAD00CB4991 /* ChatPieChartCollectionViewCell.swift in Sources */,
				86093FA42456E5D8004B3952 /* CardRecommand.swift in Sources */,
				8622F1AA24521446007B8209 /* TransactionDetails.swift in Sources */,
				86B68988244F2B0F009BEF0A /* ChatUtils.swift in Sources */,
				86D43306245815150016C88F /* AccountsViewController.swift in Sources */,
				86AF8A9824570E3200CB4991 /* VBPieChart.m in Sources */,
			);
			runOnlyForDeploymentPostprocessing = 0;
		};
/* End PBXSourcesBuildPhase section */

/* Begin XCBuildConfiguration section */
		86B688E0244DBE68009BEF0A /* Debug */ = {
			isa = XCBuildConfiguration;
			buildSettings = {
				ALWAYS_SEARCH_USER_PATHS = NO;
				CLANG_ANALYZER_NONNULL = YES;
				CLANG_ANALYZER_NUMBER_OBJECT_CONVERSION = YES_AGGRESSIVE;
				CLANG_CXX_LANGUAGE_STANDARD = "gnu++14";
				CLANG_CXX_LIBRARY = "libc++";
				CLANG_ENABLE_MODULES = YES;
				CLANG_ENABLE_OBJC_ARC = YES;
				CLANG_ENABLE_OBJC_WEAK = YES;
				CLANG_WARN_BLOCK_CAPTURE_AUTORELEASING = YES;
				CLANG_WARN_BOOL_CONVERSION = YES;
				CLANG_WARN_COMMA = YES;
				CLANG_WARN_CONSTANT_CONVERSION = YES;
				CLANG_WARN_DEPRECATED_OBJC_IMPLEMENTATIONS = YES;
				CLANG_WARN_DIRECT_OBJC_ISA_USAGE = YES_ERROR;
				CLANG_WARN_DOCUMENTATION_COMMENTS = YES;
				CLANG_WARN_EMPTY_BODY = YES;
				CLANG_WARN_ENUM_CONVERSION = YES;
				CLANG_WARN_INFINITE_RECURSION = YES;
				CLANG_WARN_INT_CONVERSION = YES;
				CLANG_WARN_NON_LITERAL_NULL_CONVERSION = YES;
				CLANG_WARN_OBJC_IMPLICIT_RETAIN_SELF = YES;
				CLANG_WARN_OBJC_LITERAL_CONVERSION = YES;
				CLANG_WARN_OBJC_ROOT_CLASS = YES_ERROR;
				CLANG_WARN_RANGE_LOOP_ANALYSIS = YES;
				CLANG_WARN_STRICT_PROTOTYPES = YES;
				CLANG_WARN_SUSPICIOUS_MOVE = YES;
				CLANG_WARN_UNGUARDED_AVAILABILITY = YES_AGGRESSIVE;
				CLANG_WARN_UNREACHABLE_CODE = YES;
				CLANG_WARN__DUPLICATE_METHOD_MATCH = YES;
				COPY_PHASE_STRIP = NO;
				CURRENT_PROJECT_VERSION = 1;
				DEBUG_INFORMATION_FORMAT = dwarf;
				ENABLE_STRICT_OBJC_MSGSEND = YES;
				ENABLE_TESTABILITY = YES;
				GCC_C_LANGUAGE_STANDARD = gnu11;
				GCC_DYNAMIC_NO_PIC = NO;
				GCC_NO_COMMON_BLOCKS = YES;
				GCC_OPTIMIZATION_LEVEL = 0;
				GCC_PREPROCESSOR_DEFINITIONS = (
					"DEBUG=1",
					"$(inherited)",
				);
				GCC_WARN_64_TO_32_BIT_CONVERSION = YES;
				GCC_WARN_ABOUT_RETURN_TYPE = YES_ERROR;
				GCC_WARN_UNDECLARED_SELECTOR = YES;
				GCC_WARN_UNINITIALIZED_AUTOS = YES_AGGRESSIVE;
				GCC_WARN_UNUSED_FUNCTION = YES;
				GCC_WARN_UNUSED_VARIABLE = YES;
				IPHONEOS_DEPLOYMENT_TARGET = 13.2;
				MTL_ENABLE_DEBUG_INFO = INCLUDE_SOURCE;
				MTL_FAST_MATH = YES;
				ONLY_ACTIVE_ARCH = YES;
				SDKROOT = iphoneos;
				SWIFT_ACTIVE_COMPILATION_CONDITIONS = DEBUG;
				SWIFT_OPTIMIZATION_LEVEL = "-Onone";
				VERSIONING_SYSTEM = "apple-generic";
				VERSION_INFO_PREFIX = "";
			};
			name = Debug;
		};
		86B688E1244DBE68009BEF0A /* Release */ = {
			isa = XCBuildConfiguration;
			buildSettings = {
				ALWAYS_SEARCH_USER_PATHS = NO;
				CLANG_ANALYZER_NONNULL = YES;
				CLANG_ANALYZER_NUMBER_OBJECT_CONVERSION = YES_AGGRESSIVE;
				CLANG_CXX_LANGUAGE_STANDARD = "gnu++14";
				CLANG_CXX_LIBRARY = "libc++";
				CLANG_ENABLE_MODULES = YES;
				CLANG_ENABLE_OBJC_ARC = YES;
				CLANG_ENABLE_OBJC_WEAK = YES;
				CLANG_WARN_BLOCK_CAPTURE_AUTORELEASING = YES;
				CLANG_WARN_BOOL_CONVERSION = YES;
				CLANG_WARN_COMMA = YES;
				CLANG_WARN_CONSTANT_CONVERSION = YES;
				CLANG_WARN_DEPRECATED_OBJC_IMPLEMENTATIONS = YES;
				CLANG_WARN_DIRECT_OBJC_ISA_USAGE = YES_ERROR;
				CLANG_WARN_DOCUMENTATION_COMMENTS = YES;
				CLANG_WARN_EMPTY_BODY = YES;
				CLANG_WARN_ENUM_CONVERSION = YES;
				CLANG_WARN_INFINITE_RECURSION = YES;
				CLANG_WARN_INT_CONVERSION = YES;
				CLANG_WARN_NON_LITERAL_NULL_CONVERSION = YES;
				CLANG_WARN_OBJC_IMPLICIT_RETAIN_SELF = YES;
				CLANG_WARN_OBJC_LITERAL_CONVERSION = YES;
				CLANG_WARN_OBJC_ROOT_CLASS = YES_ERROR;
				CLANG_WARN_RANGE_LOOP_ANALYSIS = YES;
				CLANG_WARN_STRICT_PROTOTYPES = YES;
				CLANG_WARN_SUSPICIOUS_MOVE = YES;
				CLANG_WARN_UNGUARDED_AVAILABILITY = YES_AGGRESSIVE;
				CLANG_WARN_UNREACHABLE_CODE = YES;
				CLANG_WARN__DUPLICATE_METHOD_MATCH = YES;
				COPY_PHASE_STRIP = NO;
				CURRENT_PROJECT_VERSION = 1;
				DEBUG_INFORMATION_FORMAT = "dwarf-with-dsym";
				ENABLE_NS_ASSERTIONS = NO;
				ENABLE_STRICT_OBJC_MSGSEND = YES;
				GCC_C_LANGUAGE_STANDARD = gnu11;
				GCC_NO_COMMON_BLOCKS = YES;
				GCC_WARN_64_TO_32_BIT_CONVERSION = YES;
				GCC_WARN_ABOUT_RETURN_TYPE = YES_ERROR;
				GCC_WARN_UNDECLARED_SELECTOR = YES;
				GCC_WARN_UNINITIALIZED_AUTOS = YES_AGGRESSIVE;
				GCC_WARN_UNUSED_FUNCTION = YES;
				GCC_WARN_UNUSED_VARIABLE = YES;
				IPHONEOS_DEPLOYMENT_TARGET = 13.2;
				MTL_ENABLE_DEBUG_INFO = NO;
				MTL_FAST_MATH = YES;
				SDKROOT = iphoneos;
				SWIFT_COMPILATION_MODE = wholemodule;
				SWIFT_OPTIMIZATION_LEVEL = "-O";
				VALIDATE_PRODUCT = YES;
				VERSIONING_SYSTEM = "apple-generic";
				VERSION_INFO_PREFIX = "";
			};
			name = Release;
		};
		86B688E3244DBE68009BEF0A /* Debug */ = {
			isa = XCBuildConfiguration;
			baseConfigurationReference = F36389A33B2A2B571AEAAB0E /* Pods-ChatKit.debug.xcconfig */;
			buildSettings = {
				CODE_SIGN_IDENTITY = "Apple Development";
				CODE_SIGN_STYLE = Automatic;
				DEFINES_MODULE = YES;
				DEVELOPMENT_TEAM = "";
				DYLIB_COMPATIBILITY_VERSION = 1;
				DYLIB_CURRENT_VERSION = 1;
				DYLIB_INSTALL_NAME_BASE = "@rpath";
				INFOPLIST_FILE = ChatKit/Info.plist;
				INSTALL_PATH = "$(LOCAL_LIBRARY_DIR)/Frameworks";
				IPHONEOS_DEPLOYMENT_TARGET = 12.0;
				LD_RUNPATH_SEARCH_PATHS = (
					"$(inherited)",
					"@executable_path/Frameworks",
					"@loader_path/Frameworks",
				);
				PRODUCT_BUNDLE_IDENTIFIER = com.aws.payment.EvaKit;
				PRODUCT_NAME = "$(TARGET_NAME:c99extidentifier)";
				SKIP_INSTALL = YES;
				SWIFT_VERSION = 5.0;
				TARGETED_DEVICE_FAMILY = "1,2";
			};
			name = Debug;
		};
		86B688E4244DBE68009BEF0A /* Release */ = {
			isa = XCBuildConfiguration;
			baseConfigurationReference = 41F071D312678F3FEC106838 /* Pods-ChatKit.release.xcconfig */;
			buildSettings = {
				CODE_SIGN_IDENTITY = "Apple Development";
				CODE_SIGN_STYLE = Automatic;
				DEFINES_MODULE = YES;
				DEVELOPMENT_TEAM = "";
				DYLIB_COMPATIBILITY_VERSION = 1;
				DYLIB_CURRENT_VERSION = 1;
				DYLIB_INSTALL_NAME_BASE = "@rpath";
				INFOPLIST_FILE = ChatKit/Info.plist;
				INSTALL_PATH = "$(LOCAL_LIBRARY_DIR)/Frameworks";
				IPHONEOS_DEPLOYMENT_TARGET = 12.0;
				LD_RUNPATH_SEARCH_PATHS = (
					"$(inherited)",
					"@executable_path/Frameworks",
					"@loader_path/Frameworks",
				);
				PRODUCT_BUNDLE_IDENTIFIER = com.aws.payment.EvaKit;
				PRODUCT_NAME = "$(TARGET_NAME:c99extidentifier)";
				SKIP_INSTALL = YES;
				SWIFT_VERSION = 5.0;
				TARGETED_DEVICE_FAMILY = "1,2";
			};
			name = Release;
		};
/* End XCBuildConfiguration section */

/* Begin XCConfigurationList section */
		86B688D4244DBE68009BEF0A /* Build configuration list for PBXProject "ChatKit" */ = {
			isa = XCConfigurationList;
			buildConfigurations = (
				86B688E0244DBE68009BEF0A /* Debug */,
				86B688E1244DBE68009BEF0A /* Release */,
			);
			defaultConfigurationIsVisible = 0;
			defaultConfigurationName = Release;
		};
		86B688E2244DBE68009BEF0A /* Build configuration list for PBXNativeTarget "ChatKit" */ = {
			isa = XCConfigurationList;
			buildConfigurations = (
				86B688E3244DBE68009BEF0A /* Debug */,
				86B688E4244DBE68009BEF0A /* Release */,
			);
			defaultConfigurationIsVisible = 0;
			defaultConfigurationName = Release;
		};
/* End XCConfigurationList section */

/* Begin XCVersionGroup section */
		8622F1A224516396007B8209 /* ChatKit.xcdatamodeld */ = {
			isa = XCVersionGroup;
			children = (
				8622F1A324516396007B8209 /* ChatKit.xcdatamodel */,
			);
			currentVersion = 8622F1A324516396007B8209 /* ChatKit.xcdatamodel */;
			path = ChatKit.xcdatamodeld;
			sourceTree = "<group>";
			versionGroupType = wrapper.xcdatamodel;
		};
/* End XCVersionGroup section */
	};
	rootObject = 86B688D1244DBE68009BEF0A /* Project object */;
}
