PODS:
  - Alamofire (4.9.1)
  - InputBarAccessoryView (4.3.2):
    - InputBarAccessoryView/Core (= 4.3.2)
  - InputBarAccessoryView/Core (4.3.2)
  - Kingfisher (5.13.3):
    - Kingfisher/Core (= 5.13.3)
  - Kingfisher/Core (5.13.3)
  - MessageKit (3.1.0):
    - InputBarAccessoryView (~> 4.3.0)

DEPENDENCIES:
  - Alamofire (~> 4.7)
  - InputBarAccessoryView
  - Kingfisher (~> 5.0)
  - MessageKit

SPEC REPOS:
  trunk:
    - Alamofire
    - InputBarAccessoryView
    - Kingfisher
    - MessageKit

SPEC CHECKSUMS:
  Alamofire: 85e8a02c69d6020a0d734f6054870d7ecb75cf18
  InputBarAccessoryView: 7985d418040a05fe894bd4b8328dd43ab35517c3
  Kingfisher: d2b3d6a7200c93b34de9afcdf25c8dd9282ec277
  MessageKit: 3beb578737a5aa2bba25cc27c7b6d6faa09af5a7

PODFILE CHECKSUM: 9db256cfde6482a84a4dbaf92fa410be91468aa1

COCOAPODS: 1.9.1
